// !$*UTF8*$!
{
	archiveVersion = 1;
	classes = {
	};
	objectVersion = 48;
	objects = {

/* Begin PBXBuildFile section */
		04551A4F20089CA300108513 /* AppDelegate.swift in Sources */ = {isa = PBXBuildFile; fileRef = 04551A4E20089CA300108513 /* AppDelegate.swift */; };
		04551A5120089CA300108513 /* ViewController.swift in Sources */ = {isa = PBXBuildFile; fileRef = 04551A5020089CA300108513 /* ViewController.swift */; };
		04551A5420089CA300108513 /* Main.storyboard in Resources */ = {isa = PBXBuildFile; fileRef = 04551A5220089CA300108513 /* Main.storyboard */; };
		04551A5620089CA300108513 /* Assets.xcassets in Resources */ = {isa = PBXBuildFile; fileRef = 04551A5520089CA300108513 /* Assets.xcassets */; };
		04551A5920089CA300108513 /* LaunchScreen.storyboard in Resources */ = {isa = PBXBuildFile; fileRef = 04551A5720089CA300108513 /* LaunchScreen.storyboard */; };
		04551A6420089CA300108513 /* UIViewTransAnimationTests.swift in Sources */ = {isa = PBXBuildFile; fileRef = 04551A6320089CA300108513 /* UIViewTransAnimationTests.swift */; };
		04551A6F20089CA300108513 /* UIViewTransAnimationUITests.swift in Sources */ = {isa = PBXBuildFile; fileRef = 04551A6E20089CA300108513 /* UIViewTransAnimationUITests.swift */; };
/* End PBXBuildFile section */

/* Begin PBXContainerItemProxy section */
		04551A6020089CA300108513 /* PBXContainerItemProxy */ = {
			isa = PBXContainerItemProxy;
			containerPortal = 04551A4320089CA300108513 /* Project object */;
			proxyType = 1;
			remoteGlobalIDString = 04551A4A20089CA300108513;
			remoteInfo = UIViewTransAnimation;
		};
		04551A6B20089CA300108513 /* PBXContainerItemProxy */ = {
			isa = PBXContainerItemProxy;
			containerPortal = 04551A4320089CA300108513 /* Project object */;
			proxyType = 1;
			remoteGlobalIDString = 04551A4A20089CA300108513;
			remoteInfo = UIViewTransAnimation;
		};
/* End PBXContainerItemProxy section */

/* Begin PBXFileReference section */
		04551A4B20089CA300108513 /* UIViewTransAnimation.app */ = {isa = PBXFileReference; explicitFileType = wrapper.application; includeInIndex = 0; path = UIViewTransAnimation.app; sourceTree = BUILT_PRODUCTS_DIR; };
		04551A4E20089CA300108513 /* AppDelegate.swift */ = {isa = PBXFileReference; lastKnownFileType = sourcecode.swift; path = AppDelegate.swift; sourceTree = "<group>"; };
		04551A5020089CA300108513 /* ViewController.swift */ = {isa = PBXFileReference; lastKnownFileType = sourcecode.swift; path = ViewController.swift; sourceTree = "<group>"; };
		04551A5320089CA300108513 /* Base */ = {isa = PBXFileReference; lastKnownFileType = file.storyboard; name = Base; path = Base.lproj/Main.storyboard; sourceTree = "<group>"; };
		04551A5520089CA300108513 /* Assets.xcassets */ = {isa = PBXFileReference; lastKnownFileType = folder.assetcatalog; path = Assets.xcassets; sourceTree = "<group>"; };
		04551A5820089CA300108513 /* Base */ = {isa = PBXFileReference; lastKnownFileType = file.storyboard; name = Base; path = Base.lproj/LaunchScreen.storyboard; sourceTree = "<group>"; };
		04551A5A20089CA300108513 /* Info.plist */ = {isa = PBXFileReference; lastKnownFileType = text.plist.xml; path = Info.plist; sourceTree = "<group>"; };
		04551A5F20089CA300108513 /* UIViewTransAnimationTests.xctest */ = {isa = PBXFileReference; explicitFileType = wrapper.cfbundle; includeInIndex = 0; path = UIViewTransAnimationTests.xctest; sourceTree = BUILT_PRODUCTS_DIR; };
		04551A6320089CA300108513 /* UIViewTransAnimationTests.swift */ = {isa = PBXFileReference; lastKnownFileType = sourcecode.swift; path = UIViewTransAnimationTests.swift; sourceTree = "<group>"; };
		04551A6520089CA300108513 /* Info.plist */ = {isa = PBXFileReference; lastKnownFileType = text.plist.xml; path = Info.plist; sourceTree = "<group>"; };
		04551A6A20089CA300108513 /* UIViewTransAnimationUITests.xctest */ = {isa = PBXFileReference; explicitFileType = wrapper.cfbundle; includeInIndex = 0; path = UIViewTransAnimationUITests.xctest; sourceTree = BUILT_PRODUCTS_DIR; };
		04551A6E20089CA300108513 /* UIViewTransAnimationUITests.swift */ = {isa = PBXFileReference; lastKnownFileType = sourcecode.swift; path = UIViewTransAnimationUITests.swift; sourceTree = "<group>"; };
		04551A7020089CA300108513 /* Info.plist */ = {isa = PBXFileReference; lastKnownFileType = text.plist.xml; path = Info.plist; sourceTree = "<group>"; };
/* End PBXFileReference section */

/* Begin PBXFrameworksBuildPhase section */
		04551A4820089CA300108513 /* Frameworks */ = {
			isa = PBXFrameworksBuildPhase;
			buildActionMask = 2147483647;
			files = (
			);
			runOnlyForDeploymentPostprocessing = 0;
		};
		04551A5C20089CA300108513 /* Frameworks */ = {
			isa = PBXFrameworksBuildPhase;
			buildActionMask = 2147483647;
			files = (
			);
			runOnlyForDeploymentPostprocessing = 0;
		};
		04551A6720089CA300108513 /* Frameworks */ = {
			isa = PBXFrameworksBuildPhase;
			buildActionMask = 2147483647;
			files = (
			);
			runOnlyForDeploymentPostprocessing = 0;
		};
/* End PBXFrameworksBuildPhase section */

/* Begin PBXGroup section */
		04551A4220089CA300108513 = {
			isa = PBXGroup;
			children = (
				04551A4D20089CA300108513 /* UIViewTransAnimation */,
				04551A6220089CA300108513 /* UIViewTransAnimationTests */,
				04551A6D20089CA300108513 /* UIViewTransAnimationUITests */,
				04551A4C20089CA300108513 /* Products */,
			);
			sourceTree = "<group>";
		};
		04551A4C20089CA300108513 /* Products */ = {
			isa = PBXGroup;
			children = (
				04551A4B20089CA300108513 /* UIViewTransAnimation.app */,
				04551A5F20089CA300108513 /* UIViewTransAnimationTests.xctest */,
				04551A6A20089CA300108513 /* UIViewTransAnimationUITests.xctest */,
			);
			name = Products;
			sourceTree = "<group>";
		};
		04551A4D20089CA300108513 /* UIViewTransAnimation */ = {
			isa = PBXGroup;
			children = (
				04551A4E20089CA300108513 /* AppDelegate.swift */,
				04551A5020089CA300108513 /* ViewController.swift */,
				04551A5220089CA300108513 /* Main.storyboard */,
				04551A5520089CA300108513 /* Assets.xcassets */,
				04551A5720089CA300108513 /* LaunchScreen.storyboard */,
				04551A5A20089CA300108513 /* Info.plist */,
			);
			path = UIViewTransAnimation;
			sourceTree = "<group>";
		};
		04551A6220089CA300108513 /* UIViewTransAnimationTests */ = {
			isa = PBXGroup;
			children = (
				04551A6320089CA300108513 /* UIViewTransAnimationTests.swift */,
				04551A6520089CA300108513 /* Info.plist */,
			);
			path = UIViewTransAnimationTests;
			sourceTree = "<group>";
		};
		04551A6D20089CA300108513 /* UIViewTransAnimationUITests */ = {
			isa = PBXGroup;
			children = (
				04551A6E20089CA300108513 /* UIViewTransAnimationUITests.swift */,
				04551A7020089CA300108513 /* Info.plist */,
			);
			path = UIViewTransAnimationUITests;
			sourceTree = "<group>";
		};
/* End PBXGroup section */

/* Begin PBXNativeTarget section */
		04551A4A20089CA300108513 /* UIViewTransAnimation */ = {
			isa = PBXNativeTarget;
			buildConfigurationList = 04551A7320089CA300108513 /* Build configuration list for PBXNativeTarget "UIViewTransAnimation" */;
			buildPhases = (
				04551A4720089CA300108513 /* Sources */,
				04551A4820089CA300108513 /* Frameworks */,
				04551A4920089CA300108513 /* Resources */,
			);
			buildRules = (
			);
			dependencies = (
			);
			name = UIViewTransAnimation;
			productName = UIViewTransAnimation;
			productReference = 04551A4B20089CA300108513 /* UIViewTransAnimation.app */;
			productType = "com.apple.product-type.application";
		};
		04551A5E20089CA300108513 /* UIViewTransAnimationTests */ = {
			isa = PBXNativeTarget;
			buildConfigurationList = 04551A7620089CA300108513 /* Build configuration list for PBXNativeTarget "UIViewTransAnimationTests" */;
			buildPhases = (
				04551A5B20089CA300108513 /* Sources */,
				04551A5C20089CA300108513 /* Frameworks */,
				04551A5D20089CA300108513 /* Resources */,
			);
			buildRules = (
			);
			dependencies = (
				04551A6120089CA300108513 /* PBXTargetDependency */,
			);
			name = UIViewTransAnimationTests;
			productName = UIViewTransAnimationTests;
			productReference = 04551A5F20089CA300108513 /* UIViewTransAnimationTests.xctest */;
			productType = "com.apple.product-type.bundle.unit-test";
		};
		04551A6920089CA300108513 /* UIViewTransAnimationUITests */ = {
			isa = PBXNativeTarget;
			buildConfigurationList = 04551A7920089CA300108513 /* Build configuration list for PBXNativeTarget "UIViewTransAnimationUITests" */;
			buildPhases = (
				04551A6620089CA300108513 /* Sources */,
				04551A6720089CA300108513 /* Frameworks */,
				04551A6820089CA300108513 /* Resources */,
			);
			buildRules = (
			);
			dependencies = (
				04551A6C20089CA300108513 /* PBXTargetDependency */,
			);
			name = UIViewTransAnimationUITests;
			productName = UIViewTransAnimationUITests;
			productReference = 04551A6A20089CA300108513 /* UIViewTransAnimationUITests.xctest */;
			productType = "com.apple.product-type.bundle.ui-testing";
		};
/* End PBXNativeTarget section */

/* Begin PBXProject section */
		04551A4320089CA300108513 /* Project object */ = {
			isa = PBXProject;
			attributes = {
				LastSwiftUpdateCheck = 0920;
				LastUpgradeCheck = 0920;
				ORGANIZATIONNAME = BerryBit;
				TargetAttributes = {
					04551A4A20089CA300108513 = {
						CreatedOnToolsVersion = 9.2;
						ProvisioningStyle = Automatic;
					};
					04551A5E20089CA300108513 = {
						CreatedOnToolsVersion = 9.2;
						ProvisioningStyle = Automatic;
						TestTargetID = 04551A4A20089CA300108513;
					};
					04551A6920089CA300108513 = {
						CreatedOnToolsVersion = 9.2;
						ProvisioningStyle = Automatic;
						TestTargetID = 04551A4A20089CA300108513;
					};
				};
			};
			buildConfigurationList = 04551A4620089CA300108513 /* Build configuration list for PBXProject "UIViewTransAnimation" */;
			compatibilityVersion = "Xcode 8.0";
			developmentRegion = en;
			hasScannedForEncodings = 0;
			knownRegions = (
				en,
				Base,
			);
			mainGroup = 04551A4220089CA300108513;
			productRefGroup = 04551A4C20089CA300108513 /* Products */;
			projectDirPath = "";
			projectRoot = "";
			targets = (
				04551A4A20089CA300108513 /* UIViewTransAnimation */,
				04551A5E20089CA300108513 /* UIViewTransAnimationTests */,
				04551A6920089CA300108513 /* UIViewTransAnimationUITests */,
			);
		};
/* End PBXProject section */

/* Begin PBXResourcesBuildPhase section */
		04551A4920089CA300108513 /* Resources */ = {
			isa = PBXResourcesBuildPhase;
			buildActionMask = 2147483647;
			files = (
				04551A5920089CA300108513 /* LaunchScreen.storyboard in Resources */,
				04551A5620089CA300108513 /* Assets.xcassets in Resources */,
				04551A5420089CA300108513 /* Main.storyboard in Resources */,
			);
			runOnlyForDeploymentPostprocessing = 0;
		};
		04551A5D20089CA300108513 /* Resources */ = {
			isa = PBXResourcesBuildPhase;
			buildActionMask = 2147483647;
			files = (
			);
			runOnlyForDeploymentPostprocessing = 0;
		};
		04551A6820089CA300108513 /* Resources */ = {
			isa = PBXResourcesBuildPhase;
			buildActionMask = 2147483647;
			files = (
			);
			runOnlyForDeploymentPostprocessing = 0;
		};
/* End PBXResourcesBuildPhase section */

/* Begin PBXSourcesBuildPhase section */
		04551A4720089CA300108513 /* Sources */ = {
			isa = PBXSourcesBuildPhase;
			buildActionMask = 2147483647;
			files = (
				04551A5120089CA300108513 /* ViewController.swift in Sources */,
				04551A4F20089CA300108513 /* AppDelegate.swift in Sources */,
			);
			runOnlyForDeploymentPostprocessing = 0;
		};
		04551A5B20089CA300108513 /* Sources */ = {
			isa = PBXSourcesBuildPhase;
			buildActionMask = 2147483647;
			files = (
				04551A6420089CA300108513 /* UIViewTransAnimationTests.swift in Sources */,
			);
			runOnlyForDeploymentPostprocessing = 0;
		};
		04551A6620089CA300108513 /* Sources */ = {
			isa = PBXSourcesBuildPhase;
			buildActionMask = 2147483647;
			files = (
				04551A6F20089CA300108513 /* UIViewTransAnimationUITests.swift in Sources */,
			);
			runOnlyForDeploymentPostprocessing = 0;
		};
/* End PBXSourcesBuildPhase section */

/* Begin PBXTargetDependency section */
		04551A6120089CA300108513 /* PBXTargetDependency */ = {
			isa = PBXTargetDependency;
			target = 04551A4A20089CA300108513 /* UIViewTransAnimation */;
			targetProxy = 04551A6020089CA300108513 /* PBXContainerItemProxy */;
		};
		04551A6C20089CA300108513 /* PBXTargetDependency */ = {
			isa = PBXTargetDependency;
			target = 04551A4A20089CA300108513 /* UIViewTransAnimation */;
			targetProxy = 04551A6B20089CA300108513 /* PBXContainerItemProxy */;
		};
/* End PBXTargetDependency section */

/* Begin PBXVariantGroup section */
		04551A5220089CA300108513 /* Main.storyboard */ = {
			isa = PBXVariantGroup;
			children = (
				04551A5320089CA300108513 /* Base */,
			);
			name = Main.storyboard;
			sourceTree = "<group>";
		};
		04551A5720089CA300108513 /* LaunchScreen.storyboard */ = {
			isa = PBXVariantGroup;
			children = (
				04551A5820089CA300108513 /* Base */,
			);
			name = LaunchScreen.storyboard;
			sourceTree = "<group>";
		};
/* End PBXVariantGroup section */

/* Begin XCBuildConfiguration section */
		04551A7120089CA300108513 /* Debug */ = {
			isa = XCBuildConfiguration;
			buildSettings = {
				ALWAYS_SEARCH_USER_PATHS = NO;
				CLANG_ANALYZER_NONNULL = YES;
				CLANG_ANALYZER_NUMBER_OBJECT_CONVERSION = YES_AGGRESSIVE;
				CLANG_CXX_LANGUAGE_STANDARD = "gnu++14";
				CLANG_CXX_LIBRARY = "libc++";
				CLANG_ENABLE_MODULES = YES;
				CLANG_ENABLE_OBJC_ARC = YES;
				CLANG_WARN_BLOCK_CAPTURE_AUTORELEASING = YES;
				CLANG_WARN_BOOL_CONVERSION = YES;
				CLANG_WARN_COMMA = YES;
				CLANG_WARN_CONSTANT_CONVERSION = YES;
				CLANG_WARN_DIRECT_OBJC_ISA_USAGE = YES_ERROR;
				CLANG_WARN_DOCUMENTATION_COMMENTS = YES;
				CLANG_WARN_EMPTY_BODY = YES;
				CLANG_WARN_ENUM_CONVERSION = YES;
				CLANG_WARN_INFINITE_RECURSION = YES;
				CLANG_WARN_INT_CONVERSION = YES;
				CLANG_WARN_NON_LITERAL_NULL_CONVERSION = YES;
				CLANG_WARN_OBJC_LITERAL_CONVERSION = YES;
				CLANG_WARN_OBJC_ROOT_CLASS = YES_ERROR;
				CLANG_WARN_RANGE_LOOP_ANALYSIS = YES;
				CLANG_WARN_STRICT_PROTOTYPES = YES;
				CLANG_WARN_SUSPICIOUS_MOVE = YES;
				CLANG_WARN_UNGUARDED_AVAILABILITY = YES_AGGRESSIVE;
				CLANG_WARN_UNREACHABLE_CODE = YES;
				CLANG_WARN__DUPLICATE_METHOD_MATCH = YES;
				CODE_SIGN_IDENTITY = "iPhone Developer";
				COPY_PHASE_STRIP = NO;
				DEBUG_INFORMATION_FORMAT = dwarf;
				ENABLE_STRICT_OBJC_MSGSEND = YES;
				ENABLE_TESTABILITY = YES;
				GCC_C_LANGUAGE_STANDARD = gnu11;
				GCC_DYNAMIC_NO_PIC = NO;
				GCC_NO_COMMON_BLOCKS = YES;
				GCC_OPTIMIZATION_LEVEL = 0;
				GCC_PREPROCESSOR_DEFINITIONS = (
					"DEBUG=1",
					"$(inherited)",
				);
				GCC_WARN_64_TO_32_BIT_CONVERSION = YES;
				GCC_WARN_ABOUT_RETURN_TYPE = YES_ERROR;
				GCC_WARN_UNDECLARED_SELECTOR = YES;
				GCC_WARN_UNINITIALIZED_AUTOS = YES_AGGRESSIVE;
				GCC_WARN_UNUSED_FUNCTION = YES;
				GCC_WARN_UNUSED_VARIABLE = YES;
				IPHONEOS_DEPLOYMENT_TARGET = 11.2;
				MTL_ENABLE_DEBUG_INFO = YES;
				ONLY_ACTIVE_ARCH = YES;
				SDKROOT = iphoneos;
				SWIFT_ACTIVE_COMPILATION_CONDITIONS = DEBUG;
				SWIFT_OPTIMIZATION_LEVEL = "-Onone";
			};
			name = Debug;
		};
		04551A7220089CA300108513 /* Release */ = {
			isa = XCBuildConfiguration;
			buildSettings = {
				ALWAYS_SEARCH_USER_PATHS = NO;
				CLANG_ANALYZER_NONNULL = YES;
				CLANG_ANALYZER_NUMBER_OBJECT_CONVERSION = YES_AGGRESSIVE;
				CLANG_CXX_LANGUAGE_STANDARD = "gnu++14";
				CLANG_CXX_LIBRARY = "libc++";
				CLANG_ENABLE_MODULES = YES;
				CLANG_ENABLE_OBJC_ARC = YES;
				CLANG_WARN_BLOCK_CAPTURE_AUTORELEASING = YES;
				CLANG_WARN_BOOL_CONVERSION = YES;
				CLANG_WARN_COMMA = YES;
				CLANG_WARN_CONSTANT_CONVERSION = YES;
				CLANG_WARN_DIRECT_OBJC_ISA_USAGE = YES_ERROR;
				CLANG_WARN_DOCUMENTATION_COMMENTS = YES;
				CLANG_WARN_EMPTY_BODY = YES;
				CLANG_WARN_ENUM_CONVERSION = YES;
				CLANG_WARN_INFINITE_RECURSION = YES;
				CLANG_WARN_INT_CONVERSION = YES;
				CLANG_WARN_NON_LITERAL_NULL_CONVERSION = YES;
				CLANG_WARN_OBJC_LITERAL_CONVERSION = YES;
				CLANG_WARN_OBJC_ROOT_CLASS = YES_ERROR;
				CLANG_WARN_RANGE_LOOP_ANALYSIS = YES;
				CLANG_WARN_STRICT_PROTOTYPES = YES;
				CLANG_WARN_SUSPICIOUS_MOVE = YES;
				CLANG_WARN_UNGUARDED_AVAILABILITY = YES_AGGRESSIVE;
				CLANG_WARN_UNREACHABLE_CODE = YES;
				CLANG_WARN__DUPLICATE_METHOD_MATCH = YES;
				CODE_SIGN_IDENTITY = "iPhone Developer";
				COPY_PHASE_STRIP = NO;
				DEBUG_INFORMATION_FORMAT = "dwarf-with-dsym";
				ENABLE_NS_ASSERTIONS = NO;
				ENABLE_STRICT_OBJC_MSGSEND = YES;
				GCC_C_LANGUAGE_STANDARD = gnu11;
				GCC_NO_COMMON_BLOCKS = YES;
				GCC_WARN_64_TO_32_BIT_CONVERSION = YES;
				GCC_WARN_ABOUT_RETURN_TYPE = YES_ERROR;
				GCC_WARN_UNDECLARED_SELECTOR = YES;
				GCC_WARN_UNINITIALIZED_AUTOS = YES_AGGRESSIVE;
				GCC_WARN_UNUSED_FUNCTION = YES;
				GCC_WARN_UNUSED_VARIABLE = YES;
				IPHONEOS_DEPLOYMENT_TARGET = 11.2;
				MTL_ENABLE_DEBUG_INFO = NO;
				SDKROOT = iphoneos;
				SWIFT_OPTIMIZATION_LEVEL = "-Owholemodule";
				VALIDATE_PRODUCT = YES;
			};
			name = Release;
		};
		04551A7420089CA300108513 /* Debug */ = {
			isa = XCBuildConfiguration;
			buildSettings = {
				ASSETCATALOG_COMPILER_APPICON_NAME = AppIcon;
				CODE_SIGN_STYLE = Automatic;
				DEVELOPMENT_TEAM = 2R2UQA5T58;
				INFOPLIST_FILE = UIViewTransAnimation/Info.plist;
				IPHONEOS_DEPLOYMENT_TARGET = 10.0;
				LD_RUNPATH_SEARCH_PATHS = "$(inherited) @executable_path/Frameworks";
				PRODUCT_BUNDLE_IDENTIFIER = BerryBit.UIViewTransAnimation;
				PRODUCT_NAME = "$(TARGET_NAME)";
				SWIFT_VERSION = 4.0;
				TARGETED_DEVICE_FAMILY = "1,2";
			};
			name = Debug;
		};
		04551A7520089CA300108513 /* Release */ = {
			isa = XCBuildConfiguration;
			buildSettings = {
				ASSETCATALOG_COMPILER_APPICON_NAME = AppIcon;
				CODE_SIGN_STYLE = Automatic;
				DEVELOPMENT_TEAM = 2R2UQA5T58;
				INFOPLIST_FILE = UIViewTransAnimation/Info.plist;
				IPHONEOS_DEPLOYMENT_TARGET = 10.0;
				LD_RUNPATH_SEARCH_PATHS = "$(inherited) @executable_path/Frameworks";
				PRODUCT_BUNDLE_IDENTIFIER = BerryBit.UIViewTransAnimation;
				PRODUCT_NAME = "$(TARGET_NAME)";
				SWIFT_VERSION = 4.0;
				TARGETED_DEVICE_FAMILY = "1,2";
			};
			name = Release;
		};
		04551A7720089CA300108513 /* Debug */ = {
			isa = XCBuildConfiguration;
			buildSettings = {
				ALWAYS_EMBED_SWIFT_STANDARD_LIBRARIES = YES;
				BUNDLE_LOADER = "$(TEST_HOST)";
				CODE_SIGN_STYLE = Automatic;
				DEVELOPMENT_TEAM = 2R2UQA5T58;
				INFOPLIST_FILE = UIViewTransAnimationTests/Info.plist;
				LD_RUNPATH_SEARCH_PATHS = "$(inherited) @executable_path/Frameworks @loader_path/Frameworks";
				PRODUCT_BUNDLE_IDENTIFIER = BerryBit.UIViewTransAnimationTests;
				PRODUCT_NAME = "$(TARGET_NAME)";
				SWIFT_VERSION = 4.0;
				TARGETED_DEVICE_FAMILY = "1,2";
				TEST_HOST = "$(BUILT_PRODUCTS_DIR)/UIViewTransAnimation.app/UIViewTransAnimation";
			};
			name = Debug;
		};
		04551A7820089CA300108513 /* Release */ = {
			isa = XCBuildConfiguration;
			buildSettings = {
				ALWAYS_EMBED_SWIFT_STANDARD_LIBRARIES = YES;
				BUNDLE_LOADER = "$(TEST_HOST)";
				CODE_SIGN_STYLE = Automatic;
				DEVELOPMENT_TEAM = 2R2UQA5T58;
				INFOPLIST_FILE = UIViewTransAnimationTests/Info.plist;
				LD_RUNPATH_SEARCH_PATHS = "$(inherited) @executable_path/Frameworks @loader_path/Frameworks";
				PRODUCT_BUNDLE_IDENTIFIER = BerryBit.UIViewTransAnimationTests;
				PRODUCT_NAME = "$(TARGET_NAME)";
				SWIFT_VERSION = 4.0;
				TARGETED_DEVICE_FAMILY = "1,2";
				TEST_HOST = "$(BUILT_PRODUCTS_DIR)/UIViewTransAnimation.app/UIViewTransAnimation";
			};
			name = Release;
		};
		04551A7A20089CA300108513 /* Debug */ = {
			isa = XCBuildConfiguration;
			buildSettings = {
				ALWAYS_EMBED_SWIFT_STANDARD_LIBRARIES = YES;
				CODE_SIGN_STYLE = Automatic;
				DEVELOPMENT_TEAM = 2R2UQA5T58;
				INFOPLIST_FILE = UIViewTransAnimationUITests/Info.plist;
				LD_RUNPATH_SEARCH_PATHS = "$(inherited) @executable_path/Frameworks @loader_path/Frameworks";
				PRODUCT_BUNDLE_IDENTIFIER = BerryBit.UIViewTransAnimationUITests;
				PRODUCT_NAME = "$(TARGET_NAME)";
				SWIFT_VERSION = 4.0;
				TARGETED_DEVICE_FAMILY = "1,2";
				TEST_TARGET_NAME = UIViewTransAnimation;
			};
			name = Debug;
		};
		04551A7B20089CA300108513 /* Release */ = {
			isa = XCBuildConfiguration;
			buildSettings = {
				ALWAYS_EMBED_SWIFT_STANDARD_LIBRARIES = YES;
				CODE_SIGN_STYLE = Automatic;
				DEVELOPMENT_TEAM = 2R2UQA5T58;
				INFOPLIST_FILE = UIViewTransAnimationUITests/Info.plist;
				LD_RUNPATH_SEARCH_PATHS = "$(inherited) @executable_path/Frameworks @loader_path/Frameworks";
				PRODUCT_BUNDLE_IDENTIFIER = BerryBit.UIViewTransAnimationUITests;
				PRODUCT_NAME = "$(TARGET_NAME)";
				SWIFT_VERSION = 4.0;
				TARGETED_DEVICE_FAMILY = "1,2";
				TEST_TARGET_NAME = UIViewTransAnimation;
			};
			name = Release;
		};
/* End XCBuildConfiguration section */

/* Begin XCConfigurationList section */
		04551A4620089CA300108513 /* Build configuration list for PBXProject "UIViewTransAnimation" */ = {
			isa = XCConfigurationList;
			buildConfigurations = (
				04551A7120089CA300108513 /* Debug */,
				04551A7220089CA300108513 /* Release */,
			);
			defaultConfigurationIsVisible = 0;
			defaultConfigurationName = Release;
		};
		04551A7320089CA300108513 /* Build configuration list for PBXNativeTarget "UIViewTransAnimation" */ = {
			isa = XCConfigurationList;
			buildConfigurations = (
				04551A7420089CA300108513 /* Debug */,
				04551A7520089CA300108513 /* Release */,
			);
			defaultConfigurationIsVisible = 0;
			defaultConfigurationName = Release;
		};
		04551A7620089CA300108513 /* Build configuration list for PBXNativeTarget "UIViewTransAnimationTests" */ = {
			isa = XCConfigurationList;
			buildConfigurations = (
				04551A7720089CA300108513 /* Debug */,
				04551A7820089CA300108513 /* Release */,
			);
			defaultConfigurationIsVisible = 0;
			defaultConfigurationName = Release;
		};
		04551A7920089CA300108513 /* Build configuration list for PBXNativeTarget "UIViewTransAnimationUITests" */ = {
			isa = XCConfigurationList;
			buildConfigurations = (
				04551A7A20089CA300108513 /* Debug */,
				04551A7B20089CA300108513 /* Release */,
			);
			defaultConfigurationIsVisible = 0;
			defaultConfigurationName = Release;
		};
/* End XCConfigurationList section */
	};
	rootObject = 04551A4320089CA300108513 /* Project object */;
}
