// !$*UTF8*$!
{
	archiveVersion = 1;
	classes = {
	};
	objectVersion = 48;
	objects = {

/* Begin PBXBuildFile section */
		043E868C2006073100D809C1 /* AppDelegate.swift in Sources */ = {isa = PBXBuildFile; fileRef = 043E868B2006073100D809C1 /* AppDelegate.swift */; };
		043E868E2006073100D809C1 /* ViewController.swift in Sources */ = {isa = PBXBuildFile; fileRef = 043E868D2006073100D809C1 /* ViewController.swift */; };
		043E86912006073100D809C1 /* Main.storyboard in Resources */ = {isa = PBXBuildFile; fileRef = 043E868F2006073100D809C1 /* Main.storyboard */; };
		043E86932006073100D809C1 /* Assets.xcassets in Resources */ = {isa = PBXBuildFile; fileRef = 043E86922006073100D809C1 /* Assets.xcassets */; };
		043E86962006073100D809C1 /* LaunchScreen.storyboard in Resources */ = {isa = PBXBuildFile; fileRef = 043E86942006073100D809C1 /* LaunchScreen.storyboard */; };
		043E86A12006073100D809C1 /* UIScrollViewTestTests.swift in Sources */ = {isa = PBXBuildFile; fileRef = 043E86A02006073100D809C1 /* UIScrollViewTestTests.swift */; };
		043E86AC2006073100D809C1 /* UIScrollViewTestUITests.swift in Sources */ = {isa = PBXBuildFile; fileRef = 043E86AB2006073100D809C1 /* UIScrollViewTestUITests.swift */; };
/* End PBXBuildFile section */

/* Begin PBXContainerItemProxy section */
		043E869D2006073100D809C1 /* PBXContainerItemProxy */ = {
			isa = PBXContainerItemProxy;
			containerPortal = 043E86802006073100D809C1 /* Project object */;
			proxyType = 1;
			remoteGlobalIDString = 043E86872006073100D809C1;
			remoteInfo = UIScrollViewTest;
		};
		043E86A82006073100D809C1 /* PBXContainerItemProxy */ = {
			isa = PBXContainerItemProxy;
			containerPortal = 043E86802006073100D809C1 /* Project object */;
			proxyType = 1;
			remoteGlobalIDString = 043E86872006073100D809C1;
			remoteInfo = UIScrollViewTest;
		};
/* End PBXContainerItemProxy section */

/* Begin PBXFileReference section */
		043E86882006073100D809C1 /* UIScrollViewTest.app */ = {isa = PBXFileReference; explicitFileType = wrapper.application; includeInIndex = 0; path = UIScrollViewTest.app; sourceTree = BUILT_PRODUCTS_DIR; };
		043E868B2006073100D809C1 /* AppDelegate.swift */ = {isa = PBXFileReference; lastKnownFileType = sourcecode.swift; path = AppDelegate.swift; sourceTree = "<group>"; };
		043E868D2006073100D809C1 /* ViewController.swift */ = {isa = PBXFileReference; lastKnownFileType = sourcecode.swift; path = ViewController.swift; sourceTree = "<group>"; };
		043E86902006073100D809C1 /* Base */ = {isa = PBXFileReference; lastKnownFileType = file.storyboard; name = Base; path = Base.lproj/Main.storyboard; sourceTree = "<group>"; };
		043E86922006073100D809C1 /* Assets.xcassets */ = {isa = PBXFileReference; lastKnownFileType = folder.assetcatalog; path = Assets.xcassets; sourceTree = "<group>"; };
		043E86952006073100D809C1 /* Base */ = {isa = PBXFileReference; lastKnownFileType = file.storyboard; name = Base; path = Base.lproj/LaunchScreen.storyboard; sourceTree = "<group>"; };
		043E86972006073100D809C1 /* Info.plist */ = {isa = PBXFileReference; lastKnownFileType = text.plist.xml; path = Info.plist; sourceTree = "<group>"; };
		043E869C2006073100D809C1 /* UIScrollViewTestTests.xctest */ = {isa = PBXFileReference; explicitFileType = wrapper.cfbundle; includeInIndex = 0; path = UIScrollViewTestTests.xctest; sourceTree = BUILT_PRODUCTS_DIR; };
		043E86A02006073100D809C1 /* UIScrollViewTestTests.swift */ = {isa = PBXFileReference; lastKnownFileType = sourcecode.swift; path = UIScrollViewTestTests.swift; sourceTree = "<group>"; };
		043E86A22006073100D809C1 /* Info.plist */ = {isa = PBXFileReference; lastKnownFileType = text.plist.xml; path = Info.plist; sourceTree = "<group>"; };
		043E86A72006073100D809C1 /* UIScrollViewTestUITests.xctest */ = {isa = PBXFileReference; explicitFileType = wrapper.cfbundle; includeInIndex = 0; path = UIScrollViewTestUITests.xctest; sourceTree = BUILT_PRODUCTS_DIR; };
		043E86AB2006073100D809C1 /* UIScrollViewTestUITests.swift */ = {isa = PBXFileReference; lastKnownFileType = sourcecode.swift; path = UIScrollViewTestUITests.swift; sourceTree = "<group>"; };
		043E86AD2006073100D809C1 /* Info.plist */ = {isa = PBXFileReference; lastKnownFileType = text.plist.xml; path = Info.plist; sourceTree = "<group>"; };
/* End PBXFileReference section */

/* Begin PBXFrameworksBuildPhase section */
		043E86852006073100D809C1 /* Frameworks */ = {
			isa = PBXFrameworksBuildPhase;
			buildActionMask = 2147483647;
			files = (
			);
			runOnlyForDeploymentPostprocessing = 0;
		};
		043E86992006073100D809C1 /* Frameworks */ = {
			isa = PBXFrameworksBuildPhase;
			buildActionMask = 2147483647;
			files = (
			);
			runOnlyForDeploymentPostprocessing = 0;
		};
		043E86A42006073100D809C1 /* Frameworks */ = {
			isa = PBXFrameworksBuildPhase;
			buildActionMask = 2147483647;
			files = (
			);
			runOnlyForDeploymentPostprocessing = 0;
		};
/* End PBXFrameworksBuildPhase section */

/* Begin PBXGroup section */
		043E867F2006073000D809C1 = {
			isa = PBXGroup;
			children = (
				043E868A2006073100D809C1 /* UIScrollViewTest */,
				043E869F2006073100D809C1 /* UIScrollViewTestTests */,
				043E86AA2006073100D809C1 /* UIScrollViewTestUITests */,
				043E86892006073100D809C1 /* Products */,
			);
			sourceTree = "<group>";
		};
		043E86892006073100D809C1 /* Products */ = {
			isa = PBXGroup;
			children = (
				043E86882006073100D809C1 /* UIScrollViewTest.app */,
				043E869C2006073100D809C1 /* UIScrollViewTestTests.xctest */,
				043E86A72006073100D809C1 /* UIScrollViewTestUITests.xctest */,
			);
			name = Products;
			sourceTree = "<group>";
		};
		043E868A2006073100D809C1 /* UIScrollViewTest */ = {
			isa = PBXGroup;
			children = (
				043E868B2006073100D809C1 /* AppDelegate.swift */,
				043E868D2006073100D809C1 /* ViewController.swift */,
				043E868F2006073100D809C1 /* Main.storyboard */,
				043E86922006073100D809C1 /* Assets.xcassets */,
				043E86942006073100D809C1 /* LaunchScreen.storyboard */,
				043E86972006073100D809C1 /* Info.plist */,
			);
			path = UIScrollViewTest;
			sourceTree = "<group>";
		};
		043E869F2006073100D809C1 /* UIScrollViewTestTests */ = {
			isa = PBXGroup;
			children = (
				043E86A02006073100D809C1 /* UIScrollViewTestTests.swift */,
				043E86A22006073100D809C1 /* Info.plist */,
			);
			path = UIScrollViewTestTests;
			sourceTree = "<group>";
		};
		043E86AA2006073100D809C1 /* UIScrollViewTestUITests */ = {
			isa = PBXGroup;
			children = (
				043E86AB2006073100D809C1 /* UIScrollViewTestUITests.swift */,
				043E86AD2006073100D809C1 /* Info.plist */,
			);
			path = UIScrollViewTestUITests;
			sourceTree = "<group>";
		};
/* End PBXGroup section */

/* Begin PBXNativeTarget section */
		043E86872006073100D809C1 /* UIScrollViewTest */ = {
			isa = PBXNativeTarget;
			buildConfigurationList = 043E86B02006073100D809C1 /* Build configuration list for PBXNativeTarget "UIScrollViewTest" */;
			buildPhases = (
				043E86842006073100D809C1 /* Sources */,
				043E86852006073100D809C1 /* Frameworks */,
				043E86862006073100D809C1 /* Resources */,
			);
			buildRules = (
			);
			dependencies = (
			);
			name = UIScrollViewTest;
			productName = UIScrollViewTest;
			productReference = 043E86882006073100D809C1 /* UIScrollViewTest.app */;
			productType = "com.apple.product-type.application";
		};
		043E869B2006073100D809C1 /* UIScrollViewTestTests */ = {
			isa = PBXNativeTarget;
			buildConfigurationList = 043E86B32006073100D809C1 /* Build configuration list for PBXNativeTarget "UIScrollViewTestTests" */;
			buildPhases = (
				043E86982006073100D809C1 /* Sources */,
				043E86992006073100D809C1 /* Frameworks */,
				043E869A2006073100D809C1 /* Resources */,
			);
			buildRules = (
			);
			dependencies = (
				043E869E2006073100D809C1 /* PBXTargetDependency */,
			);
			name = UIScrollViewTestTests;
			productName = UIScrollViewTestTests;
			productReference = 043E869C2006073100D809C1 /* UIScrollViewTestTests.xctest */;
			productType = "com.apple.product-type.bundle.unit-test";
		};
		043E86A62006073100D809C1 /* UIScrollViewTestUITests */ = {
			isa = PBXNativeTarget;
			buildConfigurationList = 043E86B62006073100D809C1 /* Build configuration list for PBXNativeTarget "UIScrollViewTestUITests" */;
			buildPhases = (
				043E86A32006073100D809C1 /* Sources */,
				043E86A42006073100D809C1 /* Frameworks */,
				043E86A52006073100D809C1 /* Resources */,
			);
			buildRules = (
			);
			dependencies = (
				043E86A92006073100D809C1 /* PBXTargetDependency */,
			);
			name = UIScrollViewTestUITests;
			productName = UIScrollViewTestUITests;
			productReference = 043E86A72006073100D809C1 /* UIScrollViewTestUITests.xctest */;
			productType = "com.apple.product-type.bundle.ui-testing";
		};
/* End PBXNativeTarget section */

/* Begin PBXProject section */
		043E86802006073100D809C1 /* Project object */ = {
			isa = PBXProject;
			attributes = {
				LastSwiftUpdateCheck = 0920;
				LastUpgradeCheck = 0920;
				ORGANIZATIONNAME = BerryBit;
				TargetAttributes = {
					043E86872006073100D809C1 = {
						CreatedOnToolsVersion = 9.2;
						ProvisioningStyle = Automatic;
					};
					043E869B2006073100D809C1 = {
						CreatedOnToolsVersion = 9.2;
						ProvisioningStyle = Automatic;
						TestTargetID = 043E86872006073100D809C1;
					};
					043E86A62006073100D809C1 = {
						CreatedOnToolsVersion = 9.2;
						ProvisioningStyle = Automatic;
						TestTargetID = 043E86872006073100D809C1;
					};
				};
			};
			buildConfigurationList = 043E86832006073100D809C1 /* Build configuration list for PBXProject "UIScrollViewTest" */;
			compatibilityVersion = "Xcode 8.0";
			developmentRegion = en;
			hasScannedForEncodings = 0;
			knownRegions = (
				en,
				Base,
			);
			mainGroup = 043E867F2006073000D809C1;
			productRefGroup = 043E86892006073100D809C1 /* Products */;
			projectDirPath = "";
			projectRoot = "";
			targets = (
				043E86872006073100D809C1 /* UIScrollViewTest */,
				043E869B2006073100D809C1 /* UIScrollViewTestTests */,
				043E86A62006073100D809C1 /* UIScrollViewTestUITests */,
			);
		};
/* End PBXProject section */

/* Begin PBXResourcesBuildPhase section */
		043E86862006073100D809C1 /* Resources */ = {
			isa = PBXResourcesBuildPhase;
			buildActionMask = 2147483647;
			files = (
				043E86962006073100D809C1 /* LaunchScreen.storyboard in Resources */,
				043E86932006073100D809C1 /* Assets.xcassets in Resources */,
				043E86912006073100D809C1 /* Main.storyboard in Resources */,
			);
			runOnlyForDeploymentPostprocessing = 0;
		};
		043E869A2006073100D809C1 /* Resources */ = {
			isa = PBXResourcesBuildPhase;
			buildActionMask = 2147483647;
			files = (
			);
			runOnlyForDeploymentPostprocessing = 0;
		};
		043E86A52006073100D809C1 /* Resources */ = {
			isa = PBXResourcesBuildPhase;
			buildActionMask = 2147483647;
			files = (
			);
			runOnlyForDeploymentPostprocessing = 0;
		};
/* End PBXResourcesBuildPhase section */

/* Begin PBXSourcesBuildPhase section */
		043E86842006073100D809C1 /* Sources */ = {
			isa = PBXSourcesBuildPhase;
			buildActionMask = 2147483647;
			files = (
				043E868E2006073100D809C1 /* ViewController.swift in Sources */,
				043E868C2006073100D809C1 /* AppDelegate.swift in Sources */,
			);
			runOnlyForDeploymentPostprocessing = 0;
		};
		043E86982006073100D809C1 /* Sources */ = {
			isa = PBXSourcesBuildPhase;
			buildActionMask = 2147483647;
			files = (
				043E86A12006073100D809C1 /* UIScrollViewTestTests.swift in Sources */,
			);
			runOnlyForDeploymentPostprocessing = 0;
		};
		043E86A32006073100D809C1 /* Sources */ = {
			isa = PBXSourcesBuildPhase;
			buildActionMask = 2147483647;
			files = (
				043E86AC2006073100D809C1 /* UIScrollViewTestUITests.swift in Sources */,
			);
			runOnlyForDeploymentPostprocessing = 0;
		};
/* End PBXSourcesBuildPhase section */

/* Begin PBXTargetDependency section */
		043E869E2006073100D809C1 /* PBXTargetDependency */ = {
			isa = PBXTargetDependency;
			target = 043E86872006073100D809C1 /* UIScrollViewTest */;
			targetProxy = 043E869D2006073100D809C1 /* PBXContainerItemProxy */;
		};
		043E86A92006073100D809C1 /* PBXTargetDependency */ = {
			isa = PBXTargetDependency;
			target = 043E86872006073100D809C1 /* UIScrollViewTest */;
			targetProxy = 043E86A82006073100D809C1 /* PBXContainerItemProxy */;
		};
/* End PBXTargetDependency section */

/* Begin PBXVariantGroup section */
		043E868F2006073100D809C1 /* Main.storyboard */ = {
			isa = PBXVariantGroup;
			children = (
				043E86902006073100D809C1 /* Base */,
			);
			name = Main.storyboard;
			sourceTree = "<group>";
		};
		043E86942006073100D809C1 /* LaunchScreen.storyboard */ = {
			isa = PBXVariantGroup;
			children = (
				043E86952006073100D809C1 /* Base */,
			);
			name = LaunchScreen.storyboard;
			sourceTree = "<group>";
		};
/* End PBXVariantGroup section */

/* Begin XCBuildConfiguration section */
		043E86AE2006073100D809C1 /* Debug */ = {
			isa = XCBuildConfiguration;
			buildSettings = {
				ALWAYS_SEARCH_USER_PATHS = NO;
				CLANG_ANALYZER_NONNULL = YES;
				CLANG_ANALYZER_NUMBER_OBJECT_CONVERSION = YES_AGGRESSIVE;
				CLANG_CXX_LANGUAGE_STANDARD = "gnu++14";
				CLANG_CXX_LIBRARY = "libc++";
				CLANG_ENABLE_MODULES = YES;
				CLANG_ENABLE_OBJC_ARC = YES;
				CLANG_WARN_BLOCK_CAPTURE_AUTORELEASING = YES;
				CLANG_WARN_BOOL_CONVERSION = YES;
				CLANG_WARN_COMMA = YES;
				CLANG_WARN_CONSTANT_CONVERSION = YES;
				CLANG_WARN_DIRECT_OBJC_ISA_USAGE = YES_ERROR;
				CLANG_WARN_DOCUMENTATION_COMMENTS = YES;
				CLANG_WARN_EMPTY_BODY = YES;
				CLANG_WARN_ENUM_CONVERSION = YES;
				CLANG_WARN_INFINITE_RECURSION = YES;
				CLANG_WARN_INT_CONVERSION = YES;
				CLANG_WARN_NON_LITERAL_NULL_CONVERSION = YES;
				CLANG_WARN_OBJC_LITERAL_CONVERSION = YES;
				CLANG_WARN_OBJC_ROOT_CLASS = YES_ERROR;
				CLANG_WARN_RANGE_LOOP_ANALYSIS = YES;
				CLANG_WARN_STRICT_PROTOTYPES = YES;
				CLANG_WARN_SUSPICIOUS_MOVE = YES;
				CLANG_WARN_UNGUARDED_AVAILABILITY = YES_AGGRESSIVE;
				CLANG_WARN_UNREACHABLE_CODE = YES;
				CLANG_WARN__DUPLICATE_METHOD_MATCH = YES;
				CODE_SIGN_IDENTITY = "iPhone Developer";
				COPY_PHASE_STRIP = NO;
				DEBUG_INFORMATION_FORMAT = dwarf;
				ENABLE_STRICT_OBJC_MSGSEND = YES;
				ENABLE_TESTABILITY = YES;
				GCC_C_LANGUAGE_STANDARD = gnu11;
				GCC_DYNAMIC_NO_PIC = NO;
				GCC_NO_COMMON_BLOCKS = YES;
				GCC_OPTIMIZATION_LEVEL = 0;
				GCC_PREPROCESSOR_DEFINITIONS = (
					"DEBUG=1",
					"$(inherited)",
				);
				GCC_WARN_64_TO_32_BIT_CONVERSION = YES;
				GCC_WARN_ABOUT_RETURN_TYPE = YES_ERROR;
				GCC_WARN_UNDECLARED_SELECTOR = YES;
				GCC_WARN_UNINITIALIZED_AUTOS = YES_AGGRESSIVE;
				GCC_WARN_UNUSED_FUNCTION = YES;
				GCC_WARN_UNUSED_VARIABLE = YES;
				IPHONEOS_DEPLOYMENT_TARGET = 11.2;
				MTL_ENABLE_DEBUG_INFO = YES;
				ONLY_ACTIVE_ARCH = YES;
				SDKROOT = iphoneos;
				SWIFT_ACTIVE_COMPILATION_CONDITIONS = DEBUG;
				SWIFT_OPTIMIZATION_LEVEL = "-Onone";
			};
			name = Debug;
		};
		043E86AF2006073100D809C1 /* Release */ = {
			isa = XCBuildConfiguration;
			buildSettings = {
				ALWAYS_SEARCH_USER_PATHS = NO;
				CLANG_ANALYZER_NONNULL = YES;
				CLANG_ANALYZER_NUMBER_OBJECT_CONVERSION = YES_AGGRESSIVE;
				CLANG_CXX_LANGUAGE_STANDARD = "gnu++14";
				CLANG_CXX_LIBRARY = "libc++";
				CLANG_ENABLE_MODULES = YES;
				CLANG_ENABLE_OBJC_ARC = YES;
				CLANG_WARN_BLOCK_CAPTURE_AUTORELEASING = YES;
				CLANG_WARN_BOOL_CONVERSION = YES;
				CLANG_WARN_COMMA = YES;
				CLANG_WARN_CONSTANT_CONVERSION = YES;
				CLANG_WARN_DIRECT_OBJC_ISA_USAGE = YES_ERROR;
				CLANG_WARN_DOCUMENTATION_COMMENTS = YES;
				CLANG_WARN_EMPTY_BODY = YES;
				CLANG_WARN_ENUM_CONVERSION = YES;
				CLANG_WARN_INFINITE_RECURSION = YES;
				CLANG_WARN_INT_CONVERSION = YES;
				CLANG_WARN_NON_LITERAL_NULL_CONVERSION = YES;
				CLANG_WARN_OBJC_LITERAL_CONVERSION = YES;
				CLANG_WARN_OBJC_ROOT_CLASS = YES_ERROR;
				CLANG_WARN_RANGE_LOOP_ANALYSIS = YES;
				CLANG_WARN_STRICT_PROTOTYPES = YES;
				CLANG_WARN_SUSPICIOUS_MOVE = YES;
				CLANG_WARN_UNGUARDED_AVAILABILITY = YES_AGGRESSIVE;
				CLANG_WARN_UNREACHABLE_CODE = YES;
				CLANG_WARN__DUPLICATE_METHOD_MATCH = YES;
				CODE_SIGN_IDENTITY = "iPhone Developer";
				COPY_PHASE_STRIP = NO;
				DEBUG_INFORMATION_FORMAT = "dwarf-with-dsym";
				ENABLE_NS_ASSERTIONS = NO;
				ENABLE_STRICT_OBJC_MSGSEND = YES;
				GCC_C_LANGUAGE_STANDARD = gnu11;
				GCC_NO_COMMON_BLOCKS = YES;
				GCC_WARN_64_TO_32_BIT_CONVERSION = YES;
				GCC_WARN_ABOUT_RETURN_TYPE = YES_ERROR;
				GCC_WARN_UNDECLARED_SELECTOR = YES;
				GCC_WARN_UNINITIALIZED_AUTOS = YES_AGGRESSIVE;
				GCC_WARN_UNUSED_FUNCTION = YES;
				GCC_WARN_UNUSED_VARIABLE = YES;
				IPHONEOS_DEPLOYMENT_TARGET = 11.2;
				MTL_ENABLE_DEBUG_INFO = NO;
				SDKROOT = iphoneos;
				SWIFT_OPTIMIZATION_LEVEL = "-Owholemodule";
				VALIDATE_PRODUCT = YES;
			};
			name = Release;
		};
		043E86B12006073100D809C1 /* Debug */ = {
			isa = XCBuildConfiguration;
			buildSettings = {
				ASSETCATALOG_COMPILER_APPICON_NAME = AppIcon;
				CODE_SIGN_STYLE = Automatic;
				DEVELOPMENT_TEAM = WJJ9LWS977;
				INFOPLIST_FILE = UIScrollViewTest/Info.plist;
				IPHONEOS_DEPLOYMENT_TARGET = 9.0;
				LD_RUNPATH_SEARCH_PATHS = "$(inherited) @executable_path/Frameworks";
				PRODUCT_BUNDLE_IDENTIFIER = BerryBit.UIScrollViewTest;
				PRODUCT_NAME = "$(TARGET_NAME)";
				SWIFT_VERSION = 4.0;
				TARGETED_DEVICE_FAMILY = "1,2";
			};
			name = Debug;
		};
		043E86B22006073100D809C1 /* Release */ = {
			isa = XCBuildConfiguration;
			buildSettings = {
				ASSETCATALOG_COMPILER_APPICON_NAME = AppIcon;
				CODE_SIGN_STYLE = Automatic;
				DEVELOPMENT_TEAM = WJJ9LWS977;
				INFOPLIST_FILE = UIScrollViewTest/Info.plist;
				IPHONEOS_DEPLOYMENT_TARGET = 9.0;
				LD_RUNPATH_SEARCH_PATHS = "$(inherited) @executable_path/Frameworks";
				PRODUCT_BUNDLE_IDENTIFIER = BerryBit.UIScrollViewTest;
				PRODUCT_NAME = "$(TARGET_NAME)";
				SWIFT_VERSION = 4.0;
				TARGETED_DEVICE_FAMILY = "1,2";
			};
			name = Release;
		};
		043E86B42006073100D809C1 /* Debug */ = {
			isa = XCBuildConfiguration;
			buildSettings = {
				ALWAYS_EMBED_SWIFT_STANDARD_LIBRARIES = YES;
				BUNDLE_LOADER = "$(TEST_HOST)";
				CODE_SIGN_STYLE = Automatic;
				DEVELOPMENT_TEAM = WJJ9LWS977;
				INFOPLIST_FILE = UIScrollViewTestTests/Info.plist;
				LD_RUNPATH_SEARCH_PATHS = "$(inherited) @executable_path/Frameworks @loader_path/Frameworks";
				PRODUCT_BUNDLE_IDENTIFIER = BerryBit.UIScrollViewTestTests;
				PRODUCT_NAME = "$(TARGET_NAME)";
				SWIFT_VERSION = 4.0;
				TARGETED_DEVICE_FAMILY = "1,2";
				TEST_HOST = "$(BUILT_PRODUCTS_DIR)/UIScrollViewTest.app/UIScrollViewTest";
			};
			name = Debug;
		};
		043E86B52006073100D809C1 /* Release */ = {
			isa = XCBuildConfiguration;
			buildSettings = {
				ALWAYS_EMBED_SWIFT_STANDARD_LIBRARIES = YES;
				BUNDLE_LOADER = "$(TEST_HOST)";
				CODE_SIGN_STYLE = Automatic;
				DEVELOPMENT_TEAM = WJJ9LWS977;
				INFOPLIST_FILE = UIScrollViewTestTests/Info.plist;
				LD_RUNPATH_SEARCH_PATHS = "$(inherited) @executable_path/Frameworks @loader_path/Frameworks";
				PRODUCT_BUNDLE_IDENTIFIER = BerryBit.UIScrollViewTestTests;
				PRODUCT_NAME = "$(TARGET_NAME)";
				SWIFT_VERSION = 4.0;
				TARGETED_DEVICE_FAMILY = "1,2";
				TEST_HOST = "$(BUILT_PRODUCTS_DIR)/UIScrollViewTest.app/UIScrollViewTest";
			};
			name = Release;
		};
		043E86B72006073100D809C1 /* Debug */ = {
			isa = XCBuildConfiguration;
			buildSettings = {
				ALWAYS_EMBED_SWIFT_STANDARD_LIBRARIES = YES;
				CODE_SIGN_STYLE = Automatic;
				DEVELOPMENT_TEAM = WJJ9LWS977;
				INFOPLIST_FILE = UIScrollViewTestUITests/Info.plist;
				LD_RUNPATH_SEARCH_PATHS = "$(inherited) @executable_path/Frameworks @loader_path/Frameworks";
				PRODUCT_BUNDLE_IDENTIFIER = BerryBit.UIScrollViewTestUITests;
				PRODUCT_NAME = "$(TARGET_NAME)";
				SWIFT_VERSION = 4.0;
				TARGETED_DEVICE_FAMILY = "1,2";
				TEST_TARGET_NAME = UIScrollViewTest;
			};
			name = Debug;
		};
		043E86B82006073100D809C1 /* Release */ = {
			isa = XCBuildConfiguration;
			buildSettings = {
				ALWAYS_EMBED_SWIFT_STANDARD_LIBRARIES = YES;
				CODE_SIGN_STYLE = Automatic;
				DEVELOPMENT_TEAM = WJJ9LWS977;
				INFOPLIST_FILE = UIScrollViewTestUITests/Info.plist;
				LD_RUNPATH_SEARCH_PATHS = "$(inherited) @executable_path/Frameworks @loader_path/Frameworks";
				PRODUCT_BUNDLE_IDENTIFIER = BerryBit.UIScrollViewTestUITests;
				PRODUCT_NAME = "$(TARGET_NAME)";
				SWIFT_VERSION = 4.0;
				TARGETED_DEVICE_FAMILY = "1,2";
				TEST_TARGET_NAME = UIScrollViewTest;
			};
			name = Release;
		};
/* End XCBuildConfiguration section */

/* Begin XCConfigurationList section */
		043E86832006073100D809C1 /* Build configuration list for PBXProject "UIScrollViewTest" */ = {
			isa = XCConfigurationList;
			buildConfigurations = (
				043E86AE2006073100D809C1 /* Debug */,
				043E86AF2006073100D809C1 /* Release */,
			);
			defaultConfigurationIsVisible = 0;
			defaultConfigurationName = Release;
		};
		043E86B02006073100D809C1 /* Build configuration list for PBXNativeTarget "UIScrollViewTest" */ = {
			isa = XCConfigurationList;
			buildConfigurations = (
				043E86B12006073100D809C1 /* Debug */,
				043E86B22006073100D809C1 /* Release */,
			);
			defaultConfigurationIsVisible = 0;
			defaultConfigurationName = Release;
		};
		043E86B32006073100D809C1 /* Build configuration list for PBXNativeTarget "UIScrollViewTestTests" */ = {
			isa = XCConfigurationList;
			buildConfigurations = (
				043E86B42006073100D809C1 /* Debug */,
				043E86B52006073100D809C1 /* Release */,
			);
			defaultConfigurationIsVisible = 0;
			defaultConfigurationName = Release;
		};
		043E86B62006073100D809C1 /* Build configuration list for PBXNativeTarget "UIScrollViewTestUITests" */ = {
			isa = XCConfigurationList;
			buildConfigurations = (
				043E86B72006073100D809C1 /* Debug */,
				043E86B82006073100D809C1 /* Release */,
			);
			defaultConfigurationIsVisible = 0;
			defaultConfigurationName = Release;
		};
/* End XCConfigurationList section */
	};
	rootObject = 043E86802006073100D809C1 /* Project object */;
}
