// !$*UTF8*$!
{
	archiveVersion = 1;
	classes = {
	};
	objectVersion = 48;
	objects = {

/* Begin PBXBuildFile section */
		048C22A82004604000B9090C /* AppDelegate.swift in Sources */ = {isa = PBXBuildFile; fileRef = 048C22A72004604000B9090C /* AppDelegate.swift */; };
		048C22AA2004604000B9090C /* ViewController.swift in Sources */ = {isa = PBXBuildFile; fileRef = 048C22A92004604000B9090C /* ViewController.swift */; };
		048C22AD2004604000B9090C /* Main.storyboard in Resources */ = {isa = PBXBuildFile; fileRef = 048C22AB2004604000B9090C /* Main.storyboard */; };
		048C22AF2004604000B9090C /* Assets.xcassets in Resources */ = {isa = PBXBuildFile; fileRef = 048C22AE2004604000B9090C /* Assets.xcassets */; };
		048C22B22004604000B9090C /* LaunchScreen.storyboard in Resources */ = {isa = PBXBuildFile; fileRef = 048C22B02004604000B9090C /* LaunchScreen.storyboard */; };
		048C22BD2004604100B9090C /* UIWebViewTests.swift in Sources */ = {isa = PBXBuildFile; fileRef = 048C22BC2004604100B9090C /* UIWebViewTests.swift */; };
		048C22C82004604100B9090C /* UIWebViewUITests.swift in Sources */ = {isa = PBXBuildFile; fileRef = 048C22C72004604100B9090C /* UIWebViewUITests.swift */; };
/* End PBXBuildFile section */

/* Begin PBXContainerItemProxy section */
		048C22B92004604100B9090C /* PBXContainerItemProxy */ = {
			isa = PBXContainerItemProxy;
			containerPortal = 048C229C2004604000B9090C /* Project object */;
			proxyType = 1;
			remoteGlobalIDString = 048C22A32004604000B9090C;
			remoteInfo = UIWebView;
		};
		048C22C42004604100B9090C /* PBXContainerItemProxy */ = {
			isa = PBXContainerItemProxy;
			containerPortal = 048C229C2004604000B9090C /* Project object */;
			proxyType = 1;
			remoteGlobalIDString = 048C22A32004604000B9090C;
			remoteInfo = UIWebView;
		};
/* End PBXContainerItemProxy section */

/* Begin PBXFileReference section */
		048C22A42004604000B9090C /* UIWebView.app */ = {isa = PBXFileReference; explicitFileType = wrapper.application; includeInIndex = 0; path = UIWebView.app; sourceTree = BUILT_PRODUCTS_DIR; };
		048C22A72004604000B9090C /* AppDelegate.swift */ = {isa = PBXFileReference; lastKnownFileType = sourcecode.swift; path = AppDelegate.swift; sourceTree = "<group>"; };
		048C22A92004604000B9090C /* ViewController.swift */ = {isa = PBXFileReference; lastKnownFileType = sourcecode.swift; path = ViewController.swift; sourceTree = "<group>"; };
		048C22AC2004604000B9090C /* Base */ = {isa = PBXFileReference; lastKnownFileType = file.storyboard; name = Base; path = Base.lproj/Main.storyboard; sourceTree = "<group>"; };
		048C22AE2004604000B9090C /* Assets.xcassets */ = {isa = PBXFileReference; lastKnownFileType = folder.assetcatalog; path = Assets.xcassets; sourceTree = "<group>"; };
		048C22B12004604000B9090C /* Base */ = {isa = PBXFileReference; lastKnownFileType = file.storyboard; name = Base; path = Base.lproj/LaunchScreen.storyboard; sourceTree = "<group>"; };
		048C22B32004604000B9090C /* Info.plist */ = {isa = PBXFileReference; lastKnownFileType = text.plist.xml; path = Info.plist; sourceTree = "<group>"; };
		048C22B82004604100B9090C /* UIWebViewTests.xctest */ = {isa = PBXFileReference; explicitFileType = wrapper.cfbundle; includeInIndex = 0; path = UIWebViewTests.xctest; sourceTree = BUILT_PRODUCTS_DIR; };
		048C22BC2004604100B9090C /* UIWebViewTests.swift */ = {isa = PBXFileReference; lastKnownFileType = sourcecode.swift; path = UIWebViewTests.swift; sourceTree = "<group>"; };
		048C22BE2004604100B9090C /* Info.plist */ = {isa = PBXFileReference; lastKnownFileType = text.plist.xml; path = Info.plist; sourceTree = "<group>"; };
		048C22C32004604100B9090C /* UIWebViewUITests.xctest */ = {isa = PBXFileReference; explicitFileType = wrapper.cfbundle; includeInIndex = 0; path = UIWebViewUITests.xctest; sourceTree = BUILT_PRODUCTS_DIR; };
		048C22C72004604100B9090C /* UIWebViewUITests.swift */ = {isa = PBXFileReference; lastKnownFileType = sourcecode.swift; path = UIWebViewUITests.swift; sourceTree = "<group>"; };
		048C22C92004604100B9090C /* Info.plist */ = {isa = PBXFileReference; lastKnownFileType = text.plist.xml; path = Info.plist; sourceTree = "<group>"; };
/* End PBXFileReference section */

/* Begin PBXFrameworksBuildPhase section */
		048C22A12004604000B9090C /* Frameworks */ = {
			isa = PBXFrameworksBuildPhase;
			buildActionMask = 2147483647;
			files = (
			);
			runOnlyForDeploymentPostprocessing = 0;
		};
		048C22B52004604100B9090C /* Frameworks */ = {
			isa = PBXFrameworksBuildPhase;
			buildActionMask = 2147483647;
			files = (
			);
			runOnlyForDeploymentPostprocessing = 0;
		};
		048C22C02004604100B9090C /* Frameworks */ = {
			isa = PBXFrameworksBuildPhase;
			buildActionMask = 2147483647;
			files = (
			);
			runOnlyForDeploymentPostprocessing = 0;
		};
/* End PBXFrameworksBuildPhase section */

/* Begin PBXGroup section */
		048C229B2004604000B9090C = {
			isa = PBXGroup;
			children = (
				048C22A62004604000B9090C /* UIWebView */,
				048C22BB2004604100B9090C /* UIWebViewTests */,
				048C22C62004604100B9090C /* UIWebViewUITests */,
				048C22A52004604000B9090C /* Products */,
			);
			sourceTree = "<group>";
		};
		048C22A52004604000B9090C /* Products */ = {
			isa = PBXGroup;
			children = (
				048C22A42004604000B9090C /* UIWebView.app */,
				048C22B82004604100B9090C /* UIWebViewTests.xctest */,
				048C22C32004604100B9090C /* UIWebViewUITests.xctest */,
			);
			name = Products;
			sourceTree = "<group>";
		};
		048C22A62004604000B9090C /* UIWebView */ = {
			isa = PBXGroup;
			children = (
				048C22A72004604000B9090C /* AppDelegate.swift */,
				048C22A92004604000B9090C /* ViewController.swift */,
				048C22AB2004604000B9090C /* Main.storyboard */,
				048C22AE2004604000B9090C /* Assets.xcassets */,
				048C22B02004604000B9090C /* LaunchScreen.storyboard */,
				048C22B32004604000B9090C /* Info.plist */,
			);
			path = UIWebView;
			sourceTree = "<group>";
		};
		048C22BB2004604100B9090C /* UIWebViewTests */ = {
			isa = PBXGroup;
			children = (
				048C22BC2004604100B9090C /* UIWebViewTests.swift */,
				048C22BE2004604100B9090C /* Info.plist */,
			);
			path = UIWebViewTests;
			sourceTree = "<group>";
		};
		048C22C62004604100B9090C /* UIWebViewUITests */ = {
			isa = PBXGroup;
			children = (
				048C22C72004604100B9090C /* UIWebViewUITests.swift */,
				048C22C92004604100B9090C /* Info.plist */,
			);
			path = UIWebViewUITests;
			sourceTree = "<group>";
		};
/* End PBXGroup section */

/* Begin PBXNativeTarget section */
		048C22A32004604000B9090C /* UIWebView */ = {
			isa = PBXNativeTarget;
			buildConfigurationList = 048C22CC2004604100B9090C /* Build configuration list for PBXNativeTarget "UIWebView" */;
			buildPhases = (
				048C22A02004604000B9090C /* Sources */,
				048C22A12004604000B9090C /* Frameworks */,
				048C22A22004604000B9090C /* Resources */,
			);
			buildRules = (
			);
			dependencies = (
			);
			name = UIWebView;
			productName = UIWebView;
			productReference = 048C22A42004604000B9090C /* UIWebView.app */;
			productType = "com.apple.product-type.application";
		};
		048C22B72004604100B9090C /* UIWebViewTests */ = {
			isa = PBXNativeTarget;
			buildConfigurationList = 048C22CF2004604100B9090C /* Build configuration list for PBXNativeTarget "UIWebViewTests" */;
			buildPhases = (
				048C22B42004604100B9090C /* Sources */,
				048C22B52004604100B9090C /* Frameworks */,
				048C22B62004604100B9090C /* Resources */,
			);
			buildRules = (
			);
			dependencies = (
				048C22BA2004604100B9090C /* PBXTargetDependency */,
			);
			name = UIWebViewTests;
			productName = UIWebViewTests;
			productReference = 048C22B82004604100B9090C /* UIWebViewTests.xctest */;
			productType = "com.apple.product-type.bundle.unit-test";
		};
		048C22C22004604100B9090C /* UIWebViewUITests */ = {
			isa = PBXNativeTarget;
			buildConfigurationList = 048C22D22004604100B9090C /* Build configuration list for PBXNativeTarget "UIWebViewUITests" */;
			buildPhases = (
				048C22BF2004604100B9090C /* Sources */,
				048C22C02004604100B9090C /* Frameworks */,
				048C22C12004604100B9090C /* Resources */,
			);
			buildRules = (
			);
			dependencies = (
				048C22C52004604100B9090C /* PBXTargetDependency */,
			);
			name = UIWebViewUITests;
			productName = UIWebViewUITests;
			productReference = 048C22C32004604100B9090C /* UIWebViewUITests.xctest */;
			productType = "com.apple.product-type.bundle.ui-testing";
		};
/* End PBXNativeTarget section */

/* Begin PBXProject section */
		048C229C2004604000B9090C /* Project object */ = {
			isa = PBXProject;
			attributes = {
				LastSwiftUpdateCheck = 0920;
				LastUpgradeCheck = 0920;
				ORGANIZATIONNAME = BerryBit;
				TargetAttributes = {
					048C22A32004604000B9090C = {
						CreatedOnToolsVersion = 9.2;
						ProvisioningStyle = Automatic;
					};
					048C22B72004604100B9090C = {
						CreatedOnToolsVersion = 9.2;
						ProvisioningStyle = Automatic;
						TestTargetID = 048C22A32004604000B9090C;
					};
					048C22C22004604100B9090C = {
						CreatedOnToolsVersion = 9.2;
						ProvisioningStyle = Automatic;
						TestTargetID = 048C22A32004604000B9090C;
					};
				};
			};
			buildConfigurationList = 048C229F2004604000B9090C /* Build configuration list for PBXProject "UIWebView" */;
			compatibilityVersion = "Xcode 8.0";
			developmentRegion = en;
			hasScannedForEncodings = 0;
			knownRegions = (
				en,
				Base,
			);
			mainGroup = 048C229B2004604000B9090C;
			productRefGroup = 048C22A52004604000B9090C /* Products */;
			projectDirPath = "";
			projectRoot = "";
			targets = (
				048C22A32004604000B9090C /* UIWebView */,
				048C22B72004604100B9090C /* UIWebViewTests */,
				048C22C22004604100B9090C /* UIWebViewUITests */,
			);
		};
/* End PBXProject section */

/* Begin PBXResourcesBuildPhase section */
		048C22A22004604000B9090C /* Resources */ = {
			isa = PBXResourcesBuildPhase;
			buildActionMask = 2147483647;
			files = (
				048C22B22004604000B9090C /* LaunchScreen.storyboard in Resources */,
				048C22AF2004604000B9090C /* Assets.xcassets in Resources */,
				048C22AD2004604000B9090C /* Main.storyboard in Resources */,
			);
			runOnlyForDeploymentPostprocessing = 0;
		};
		048C22B62004604100B9090C /* Resources */ = {
			isa = PBXResourcesBuildPhase;
			buildActionMask = 2147483647;
			files = (
			);
			runOnlyForDeploymentPostprocessing = 0;
		};
		048C22C12004604100B9090C /* Resources */ = {
			isa = PBXResourcesBuildPhase;
			buildActionMask = 2147483647;
			files = (
			);
			runOnlyForDeploymentPostprocessing = 0;
		};
/* End PBXResourcesBuildPhase section */

/* Begin PBXSourcesBuildPhase section */
		048C22A02004604000B9090C /* Sources */ = {
			isa = PBXSourcesBuildPhase;
			buildActionMask = 2147483647;
			files = (
				048C22AA2004604000B9090C /* ViewController.swift in Sources */,
				048C22A82004604000B9090C /* AppDelegate.swift in Sources */,
			);
			runOnlyForDeploymentPostprocessing = 0;
		};
		048C22B42004604100B9090C /* Sources */ = {
			isa = PBXSourcesBuildPhase;
			buildActionMask = 2147483647;
			files = (
				048C22BD2004604100B9090C /* UIWebViewTests.swift in Sources */,
			);
			runOnlyForDeploymentPostprocessing = 0;
		};
		048C22BF2004604100B9090C /* Sources */ = {
			isa = PBXSourcesBuildPhase;
			buildActionMask = 2147483647;
			files = (
				048C22C82004604100B9090C /* UIWebViewUITests.swift in Sources */,
			);
			runOnlyForDeploymentPostprocessing = 0;
		};
/* End PBXSourcesBuildPhase section */

/* Begin PBXTargetDependency section */
		048C22BA2004604100B9090C /* PBXTargetDependency */ = {
			isa = PBXTargetDependency;
			target = 048C22A32004604000B9090C /* UIWebView */;
			targetProxy = 048C22B92004604100B9090C /* PBXContainerItemProxy */;
		};
		048C22C52004604100B9090C /* PBXTargetDependency */ = {
			isa = PBXTargetDependency;
			target = 048C22A32004604000B9090C /* UIWebView */;
			targetProxy = 048C22C42004604100B9090C /* PBXContainerItemProxy */;
		};
/* End PBXTargetDependency section */

/* Begin PBXVariantGroup section */
		048C22AB2004604000B9090C /* Main.storyboard */ = {
			isa = PBXVariantGroup;
			children = (
				048C22AC2004604000B9090C /* Base */,
			);
			name = Main.storyboard;
			sourceTree = "<group>";
		};
		048C22B02004604000B9090C /* LaunchScreen.storyboard */ = {
			isa = PBXVariantGroup;
			children = (
				048C22B12004604000B9090C /* Base */,
			);
			name = LaunchScreen.storyboard;
			sourceTree = "<group>";
		};
/* End PBXVariantGroup section */

/* Begin XCBuildConfiguration section */
		048C22CA2004604100B9090C /* Debug */ = {
			isa = XCBuildConfiguration;
			buildSettings = {
				ALWAYS_SEARCH_USER_PATHS = NO;
				CLANG_ANALYZER_NONNULL = YES;
				CLANG_ANALYZER_NUMBER_OBJECT_CONVERSION = YES_AGGRESSIVE;
				CLANG_CXX_LANGUAGE_STANDARD = "gnu++14";
				CLANG_CXX_LIBRARY = "libc++";
				CLANG_ENABLE_MODULES = YES;
				CLANG_ENABLE_OBJC_ARC = YES;
				CLANG_WARN_BLOCK_CAPTURE_AUTORELEASING = YES;
				CLANG_WARN_BOOL_CONVERSION = YES;
				CLANG_WARN_COMMA = YES;
				CLANG_WARN_CONSTANT_CONVERSION = YES;
				CLANG_WARN_DIRECT_OBJC_ISA_USAGE = YES_ERROR;
				CLANG_WARN_DOCUMENTATION_COMMENTS = YES;
				CLANG_WARN_EMPTY_BODY = YES;
				CLANG_WARN_ENUM_CONVERSION = YES;
				CLANG_WARN_INFINITE_RECURSION = YES;
				CLANG_WARN_INT_CONVERSION = YES;
				CLANG_WARN_NON_LITERAL_NULL_CONVERSION = YES;
				CLANG_WARN_OBJC_LITERAL_CONVERSION = YES;
				CLANG_WARN_OBJC_ROOT_CLASS = YES_ERROR;
				CLANG_WARN_RANGE_LOOP_ANALYSIS = YES;
				CLANG_WARN_STRICT_PROTOTYPES = YES;
				CLANG_WARN_SUSPICIOUS_MOVE = YES;
				CLANG_WARN_UNGUARDED_AVAILABILITY = YES_AGGRESSIVE;
				CLANG_WARN_UNREACHABLE_CODE = YES;
				CLANG_WARN__DUPLICATE_METHOD_MATCH = YES;
				CODE_SIGN_IDENTITY = "iPhone Developer";
				COPY_PHASE_STRIP = NO;
				DEBUG_INFORMATION_FORMAT = dwarf;
				ENABLE_STRICT_OBJC_MSGSEND = YES;
				ENABLE_TESTABILITY = YES;
				GCC_C_LANGUAGE_STANDARD = gnu11;
				GCC_DYNAMIC_NO_PIC = NO;
				GCC_NO_COMMON_BLOCKS = YES;
				GCC_OPTIMIZATION_LEVEL = 0;
				GCC_PREPROCESSOR_DEFINITIONS = (
					"DEBUG=1",
					"$(inherited)",
				);
				GCC_WARN_64_TO_32_BIT_CONVERSION = YES;
				GCC_WARN_ABOUT_RETURN_TYPE = YES_ERROR;
				GCC_WARN_UNDECLARED_SELECTOR = YES;
				GCC_WARN_UNINITIALIZED_AUTOS = YES_AGGRESSIVE;
				GCC_WARN_UNUSED_FUNCTION = YES;
				GCC_WARN_UNUSED_VARIABLE = YES;
				IPHONEOS_DEPLOYMENT_TARGET = 11.2;
				MTL_ENABLE_DEBUG_INFO = YES;
				ONLY_ACTIVE_ARCH = YES;
				SDKROOT = iphoneos;
				SWIFT_ACTIVE_COMPILATION_CONDITIONS = DEBUG;
				SWIFT_OPTIMIZATION_LEVEL = "-Onone";
			};
			name = Debug;
		};
		048C22CB2004604100B9090C /* Release */ = {
			isa = XCBuildConfiguration;
			buildSettings = {
				ALWAYS_SEARCH_USER_PATHS = NO;
				CLANG_ANALYZER_NONNULL = YES;
				CLANG_ANALYZER_NUMBER_OBJECT_CONVERSION = YES_AGGRESSIVE;
				CLANG_CXX_LANGUAGE_STANDARD = "gnu++14";
				CLANG_CXX_LIBRARY = "libc++";
				CLANG_ENABLE_MODULES = YES;
				CLANG_ENABLE_OBJC_ARC = YES;
				CLANG_WARN_BLOCK_CAPTURE_AUTORELEASING = YES;
				CLANG_WARN_BOOL_CONVERSION = YES;
				CLANG_WARN_COMMA = YES;
				CLANG_WARN_CONSTANT_CONVERSION = YES;
				CLANG_WARN_DIRECT_OBJC_ISA_USAGE = YES_ERROR;
				CLANG_WARN_DOCUMENTATION_COMMENTS = YES;
				CLANG_WARN_EMPTY_BODY = YES;
				CLANG_WARN_ENUM_CONVERSION = YES;
				CLANG_WARN_INFINITE_RECURSION = YES;
				CLANG_WARN_INT_CONVERSION = YES;
				CLANG_WARN_NON_LITERAL_NULL_CONVERSION = YES;
				CLANG_WARN_OBJC_LITERAL_CONVERSION = YES;
				CLANG_WARN_OBJC_ROOT_CLASS = YES_ERROR;
				CLANG_WARN_RANGE_LOOP_ANALYSIS = YES;
				CLANG_WARN_STRICT_PROTOTYPES = YES;
				CLANG_WARN_SUSPICIOUS_MOVE = YES;
				CLANG_WARN_UNGUARDED_AVAILABILITY = YES_AGGRESSIVE;
				CLANG_WARN_UNREACHABLE_CODE = YES;
				CLANG_WARN__DUPLICATE_METHOD_MATCH = YES;
				CODE_SIGN_IDENTITY = "iPhone Developer";
				COPY_PHASE_STRIP = NO;
				DEBUG_INFORMATION_FORMAT = "dwarf-with-dsym";
				ENABLE_NS_ASSERTIONS = NO;
				ENABLE_STRICT_OBJC_MSGSEND = YES;
				GCC_C_LANGUAGE_STANDARD = gnu11;
				GCC_NO_COMMON_BLOCKS = YES;
				GCC_WARN_64_TO_32_BIT_CONVERSION = YES;
				GCC_WARN_ABOUT_RETURN_TYPE = YES_ERROR;
				GCC_WARN_UNDECLARED_SELECTOR = YES;
				GCC_WARN_UNINITIALIZED_AUTOS = YES_AGGRESSIVE;
				GCC_WARN_UNUSED_FUNCTION = YES;
				GCC_WARN_UNUSED_VARIABLE = YES;
				IPHONEOS_DEPLOYMENT_TARGET = 11.2;
				MTL_ENABLE_DEBUG_INFO = NO;
				SDKROOT = iphoneos;
				SWIFT_OPTIMIZATION_LEVEL = "-Owholemodule";
				VALIDATE_PRODUCT = YES;
			};
			name = Release;
		};
		048C22CD2004604100B9090C /* Debug */ = {
			isa = XCBuildConfiguration;
			buildSettings = {
				ASSETCATALOG_COMPILER_APPICON_NAME = AppIcon;
				CODE_SIGN_STYLE = Automatic;
				DEVELOPMENT_TEAM = WJJ9LWS977;
				INFOPLIST_FILE = UIWebView/Info.plist;
				IPHONEOS_DEPLOYMENT_TARGET = 10.0;
				LD_RUNPATH_SEARCH_PATHS = "$(inherited) @executable_path/Frameworks";
				PRODUCT_BUNDLE_IDENTIFIER = BerryBit.UIWebView;
				PRODUCT_NAME = "$(TARGET_NAME)";
				SWIFT_VERSION = 4.0;
				TARGETED_DEVICE_FAMILY = "1,2";
			};
			name = Debug;
		};
		048C22CE2004604100B9090C /* Release */ = {
			isa = XCBuildConfiguration;
			buildSettings = {
				ASSETCATALOG_COMPILER_APPICON_NAME = AppIcon;
				CODE_SIGN_STYLE = Automatic;
				DEVELOPMENT_TEAM = WJJ9LWS977;
				INFOPLIST_FILE = UIWebView/Info.plist;
				IPHONEOS_DEPLOYMENT_TARGET = 10.0;
				LD_RUNPATH_SEARCH_PATHS = "$(inherited) @executable_path/Frameworks";
				PRODUCT_BUNDLE_IDENTIFIER = BerryBit.UIWebView;
				PRODUCT_NAME = "$(TARGET_NAME)";
				SWIFT_VERSION = 4.0;
				TARGETED_DEVICE_FAMILY = "1,2";
			};
			name = Release;
		};
		048C22D02004604100B9090C /* Debug */ = {
			isa = XCBuildConfiguration;
			buildSettings = {
				ALWAYS_EMBED_SWIFT_STANDARD_LIBRARIES = YES;
				BUNDLE_LOADER = "$(TEST_HOST)";
				CODE_SIGN_STYLE = Automatic;
				DEVELOPMENT_TEAM = WJJ9LWS977;
				INFOPLIST_FILE = UIWebViewTests/Info.plist;
				LD_RUNPATH_SEARCH_PATHS = "$(inherited) @executable_path/Frameworks @loader_path/Frameworks";
				PRODUCT_BUNDLE_IDENTIFIER = BerryBit.UIWebViewTests;
				PRODUCT_NAME = "$(TARGET_NAME)";
				SWIFT_VERSION = 4.0;
				TARGETED_DEVICE_FAMILY = "1,2";
				TEST_HOST = "$(BUILT_PRODUCTS_DIR)/UIWebView.app/UIWebView";
			};
			name = Debug;
		};
		048C22D12004604100B9090C /* Release */ = {
			isa = XCBuildConfiguration;
			buildSettings = {
				ALWAYS_EMBED_SWIFT_STANDARD_LIBRARIES = YES;
				BUNDLE_LOADER = "$(TEST_HOST)";
				CODE_SIGN_STYLE = Automatic;
				DEVELOPMENT_TEAM = WJJ9LWS977;
				INFOPLIST_FILE = UIWebViewTests/Info.plist;
				LD_RUNPATH_SEARCH_PATHS = "$(inherited) @executable_path/Frameworks @loader_path/Frameworks";
				PRODUCT_BUNDLE_IDENTIFIER = BerryBit.UIWebViewTests;
				PRODUCT_NAME = "$(TARGET_NAME)";
				SWIFT_VERSION = 4.0;
				TARGETED_DEVICE_FAMILY = "1,2";
				TEST_HOST = "$(BUILT_PRODUCTS_DIR)/UIWebView.app/UIWebView";
			};
			name = Release;
		};
		048C22D32004604100B9090C /* Debug */ = {
			isa = XCBuildConfiguration;
			buildSettings = {
				ALWAYS_EMBED_SWIFT_STANDARD_LIBRARIES = YES;
				CODE_SIGN_STYLE = Automatic;
				DEVELOPMENT_TEAM = WJJ9LWS977;
				INFOPLIST_FILE = UIWebViewUITests/Info.plist;
				LD_RUNPATH_SEARCH_PATHS = "$(inherited) @executable_path/Frameworks @loader_path/Frameworks";
				PRODUCT_BUNDLE_IDENTIFIER = BerryBit.UIWebViewUITests;
				PRODUCT_NAME = "$(TARGET_NAME)";
				SWIFT_VERSION = 4.0;
				TARGETED_DEVICE_FAMILY = "1,2";
				TEST_TARGET_NAME = UIWebView;
			};
			name = Debug;
		};
		048C22D42004604100B9090C /* Release */ = {
			isa = XCBuildConfiguration;
			buildSettings = {
				ALWAYS_EMBED_SWIFT_STANDARD_LIBRARIES = YES;
				CODE_SIGN_STYLE = Automatic;
				DEVELOPMENT_TEAM = WJJ9LWS977;
				INFOPLIST_FILE = UIWebViewUITests/Info.plist;
				LD_RUNPATH_SEARCH_PATHS = "$(inherited) @executable_path/Frameworks @loader_path/Frameworks";
				PRODUCT_BUNDLE_IDENTIFIER = BerryBit.UIWebViewUITests;
				PRODUCT_NAME = "$(TARGET_NAME)";
				SWIFT_VERSION = 4.0;
				TARGETED_DEVICE_FAMILY = "1,2";
				TEST_TARGET_NAME = UIWebView;
			};
			name = Release;
		};
/* End XCBuildConfiguration section */

/* Begin XCConfigurationList section */
		048C229F2004604000B9090C /* Build configuration list for PBXProject "UIWebView" */ = {
			isa = XCConfigurationList;
			buildConfigurations = (
				048C22CA2004604100B9090C /* Debug */,
				048C22CB2004604100B9090C /* Release */,
			);
			defaultConfigurationIsVisible = 0;
			defaultConfigurationName = Release;
		};
		048C22CC2004604100B9090C /* Build configuration list for PBXNativeTarget "UIWebView" */ = {
			isa = XCConfigurationList;
			buildConfigurations = (
				048C22CD2004604100B9090C /* Debug */,
				048C22CE2004604100B9090C /* Release */,
			);
			defaultConfigurationIsVisible = 0;
			defaultConfigurationName = Release;
		};
		048C22CF2004604100B9090C /* Build configuration list for PBXNativeTarget "UIWebViewTests" */ = {
			isa = XCConfigurationList;
			buildConfigurations = (
				048C22D02004604100B9090C /* Debug */,
				048C22D12004604100B9090C /* Release */,
			);
			defaultConfigurationIsVisible = 0;
			defaultConfigurationName = Release;
		};
		048C22D22004604100B9090C /* Build configuration list for PBXNativeTarget "UIWebViewUITests" */ = {
			isa = XCConfigurationList;
			buildConfigurations = (
				048C22D32004604100B9090C /* Debug */,
				048C22D42004604100B9090C /* Release */,
			);
			defaultConfigurationIsVisible = 0;
			defaultConfigurationName = Release;
		};
/* End XCConfigurationList section */
	};
	rootObject = 048C229C2004604000B9090C /* Project object */;
}
