// !$*UTF8*$!
{
	archiveVersion = 1;
	classes = {
	};
	objectVersion = 48;
	objects = {

/* Begin PBXBuildFile section */
		043E86C62006F88100D809C1 /* AppDelegate.swift in Sources */ = {isa = PBXBuildFile; fileRef = 043E86C52006F88100D809C1 /* AppDelegate.swift */; };
		043E86C82006F88100D809C1 /* ViewController.swift in Sources */ = {isa = PBXBuildFile; fileRef = 043E86C72006F88100D809C1 /* ViewController.swift */; };
		043E86CB2006F88100D809C1 /* Main.storyboard in Resources */ = {isa = PBXBuildFile; fileRef = 043E86C92006F88100D809C1 /* Main.storyboard */; };
		043E86CD2006F88100D809C1 /* Assets.xcassets in Resources */ = {isa = PBXBuildFile; fileRef = 043E86CC2006F88100D809C1 /* Assets.xcassets */; };
		043E86D02006F88100D809C1 /* LaunchScreen.storyboard in Resources */ = {isa = PBXBuildFile; fileRef = 043E86CE2006F88100D809C1 /* LaunchScreen.storyboard */; };
		043E86DB2006F88100D809C1 /* UICollectionViewTextTests.swift in Sources */ = {isa = PBXBuildFile; fileRef = 043E86DA2006F88100D809C1 /* UICollectionViewTextTests.swift */; };
		043E86E62006F88100D809C1 /* UICollectionViewTextUITests.swift in Sources */ = {isa = PBXBuildFile; fileRef = 043E86E52006F88100D809C1 /* UICollectionViewTextUITests.swift */; };
		043E86F4200705B800D809C1 /* WaterFallLayout.swift in Sources */ = {isa = PBXBuildFile; fileRef = 043E86F3200705B800D809C1 /* WaterFallLayout.swift */; };
/* End PBXBuildFile section */

/* Begin PBXContainerItemProxy section */
		043E86D72006F88100D809C1 /* PBXContainerItemProxy */ = {
			isa = PBXContainerItemProxy;
			containerPortal = 043E86BA2006F88100D809C1 /* Project object */;
			proxyType = 1;
			remoteGlobalIDString = 043E86C12006F88100D809C1;
			remoteInfo = UICollectionViewText;
		};
		043E86E22006F88100D809C1 /* PBXContainerItemProxy */ = {
			isa = PBXContainerItemProxy;
			containerPortal = 043E86BA2006F88100D809C1 /* Project object */;
			proxyType = 1;
			remoteGlobalIDString = 043E86C12006F88100D809C1;
			remoteInfo = UICollectionViewText;
		};
/* End PBXContainerItemProxy section */

/* Begin PBXFileReference section */
		043E86C22006F88100D809C1 /* UICollectionViewText.app */ = {isa = PBXFileReference; explicitFileType = wrapper.application; includeInIndex = 0; path = UICollectionViewText.app; sourceTree = BUILT_PRODUCTS_DIR; };
		043E86C52006F88100D809C1 /* AppDelegate.swift */ = {isa = PBXFileReference; lastKnownFileType = sourcecode.swift; path = AppDelegate.swift; sourceTree = "<group>"; };
		043E86C72006F88100D809C1 /* ViewController.swift */ = {isa = PBXFileReference; lastKnownFileType = sourcecode.swift; path = ViewController.swift; sourceTree = "<group>"; };
		043E86CA2006F88100D809C1 /* Base */ = {isa = PBXFileReference; lastKnownFileType = file.storyboard; name = Base; path = Base.lproj/Main.storyboard; sourceTree = "<group>"; };
		043E86CC2006F88100D809C1 /* Assets.xcassets */ = {isa = PBXFileReference; lastKnownFileType = folder.assetcatalog; path = Assets.xcassets; sourceTree = "<group>"; };
		043E86CF2006F88100D809C1 /* Base */ = {isa = PBXFileReference; lastKnownFileType = file.storyboard; name = Base; path = Base.lproj/LaunchScreen.storyboard; sourceTree = "<group>"; };
		043E86D12006F88100D809C1 /* Info.plist */ = {isa = PBXFileReference; lastKnownFileType = text.plist.xml; path = Info.plist; sourceTree = "<group>"; };
		043E86D62006F88100D809C1 /* UICollectionViewTextTests.xctest */ = {isa = PBXFileReference; explicitFileType = wrapper.cfbundle; includeInIndex = 0; path = UICollectionViewTextTests.xctest; sourceTree = BUILT_PRODUCTS_DIR; };
		043E86DA2006F88100D809C1 /* UICollectionViewTextTests.swift */ = {isa = PBXFileReference; lastKnownFileType = sourcecode.swift; path = UICollectionViewTextTests.swift; sourceTree = "<group>"; };
		043E86DC2006F88100D809C1 /* Info.plist */ = {isa = PBXFileReference; lastKnownFileType = text.plist.xml; path = Info.plist; sourceTree = "<group>"; };
		043E86E12006F88100D809C1 /* UICollectionViewTextUITests.xctest */ = {isa = PBXFileReference; explicitFileType = wrapper.cfbundle; includeInIndex = 0; path = UICollectionViewTextUITests.xctest; sourceTree = BUILT_PRODUCTS_DIR; };
		043E86E52006F88100D809C1 /* UICollectionViewTextUITests.swift */ = {isa = PBXFileReference; lastKnownFileType = sourcecode.swift; path = UICollectionViewTextUITests.swift; sourceTree = "<group>"; };
		043E86E72006F88100D809C1 /* Info.plist */ = {isa = PBXFileReference; lastKnownFileType = text.plist.xml; path = Info.plist; sourceTree = "<group>"; };
		043E86F3200705B800D809C1 /* WaterFallLayout.swift */ = {isa = PBXFileReference; lastKnownFileType = sourcecode.swift; path = WaterFallLayout.swift; sourceTree = "<group>"; };
/* End PBXFileReference section */

/* Begin PBXFrameworksBuildPhase section */
		043E86BF2006F88100D809C1 /* Frameworks */ = {
			isa = PBXFrameworksBuildPhase;
			buildActionMask = 2147483647;
			files = (
			);
			runOnlyForDeploymentPostprocessing = 0;
		};
		043E86D32006F88100D809C1 /* Frameworks */ = {
			isa = PBXFrameworksBuildPhase;
			buildActionMask = 2147483647;
			files = (
			);
			runOnlyForDeploymentPostprocessing = 0;
		};
		043E86DE2006F88100D809C1 /* Frameworks */ = {
			isa = PBXFrameworksBuildPhase;
			buildActionMask = 2147483647;
			files = (
			);
			runOnlyForDeploymentPostprocessing = 0;
		};
/* End PBXFrameworksBuildPhase section */

/* Begin PBXGroup section */
		043E86B92006F88100D809C1 = {
			isa = PBXGroup;
			children = (
				043E86C42006F88100D809C1 /* UICollectionViewText */,
				043E86D92006F88100D809C1 /* UICollectionViewTextTests */,
				043E86E42006F88100D809C1 /* UICollectionViewTextUITests */,
				043E86C32006F88100D809C1 /* Products */,
			);
			sourceTree = "<group>";
		};
		043E86C32006F88100D809C1 /* Products */ = {
			isa = PBXGroup;
			children = (
				043E86C22006F88100D809C1 /* UICollectionViewText.app */,
				043E86D62006F88100D809C1 /* UICollectionViewTextTests.xctest */,
				043E86E12006F88100D809C1 /* UICollectionViewTextUITests.xctest */,
			);
			name = Products;
			sourceTree = "<group>";
		};
		043E86C42006F88100D809C1 /* UICollectionViewText */ = {
			isa = PBXGroup;
			children = (
				043E86C52006F88100D809C1 /* AppDelegate.swift */,
				043E86C72006F88100D809C1 /* ViewController.swift */,
				043E86F3200705B800D809C1 /* WaterFallLayout.swift */,
				043E86C92006F88100D809C1 /* Main.storyboard */,
				043E86CC2006F88100D809C1 /* Assets.xcassets */,
				043E86CE2006F88100D809C1 /* LaunchScreen.storyboard */,
				043E86D12006F88100D809C1 /* Info.plist */,
			);
			path = UICollectionViewText;
			sourceTree = "<group>";
		};
		043E86D92006F88100D809C1 /* UICollectionViewTextTests */ = {
			isa = PBXGroup;
			children = (
				043E86DA2006F88100D809C1 /* UICollectionViewTextTests.swift */,
				043E86DC2006F88100D809C1 /* Info.plist */,
			);
			path = UICollectionViewTextTests;
			sourceTree = "<group>";
		};
		043E86E42006F88100D809C1 /* UICollectionViewTextUITests */ = {
			isa = PBXGroup;
			children = (
				043E86E52006F88100D809C1 /* UICollectionViewTextUITests.swift */,
				043E86E72006F88100D809C1 /* Info.plist */,
			);
			path = UICollectionViewTextUITests;
			sourceTree = "<group>";
		};
/* End PBXGroup section */

/* Begin PBXNativeTarget section */
		043E86C12006F88100D809C1 /* UICollectionViewText */ = {
			isa = PBXNativeTarget;
			buildConfigurationList = 043E86EA2006F88100D809C1 /* Build configuration list for PBXNativeTarget "UICollectionViewText" */;
			buildPhases = (
				043E86BE2006F88100D809C1 /* Sources */,
				043E86BF2006F88100D809C1 /* Frameworks */,
				043E86C02006F88100D809C1 /* Resources */,
			);
			buildRules = (
			);
			dependencies = (
			);
			name = UICollectionViewText;
			productName = UICollectionViewText;
			productReference = 043E86C22006F88100D809C1 /* UICollectionViewText.app */;
			productType = "com.apple.product-type.application";
		};
		043E86D52006F88100D809C1 /* UICollectionViewTextTests */ = {
			isa = PBXNativeTarget;
			buildConfigurationList = 043E86ED2006F88100D809C1 /* Build configuration list for PBXNativeTarget "UICollectionViewTextTests" */;
			buildPhases = (
				043E86D22006F88100D809C1 /* Sources */,
				043E86D32006F88100D809C1 /* Frameworks */,
				043E86D42006F88100D809C1 /* Resources */,
			);
			buildRules = (
			);
			dependencies = (
				043E86D82006F88100D809C1 /* PBXTargetDependency */,
			);
			name = UICollectionViewTextTests;
			productName = UICollectionViewTextTests;
			productReference = 043E86D62006F88100D809C1 /* UICollectionViewTextTests.xctest */;
			productType = "com.apple.product-type.bundle.unit-test";
		};
		043E86E02006F88100D809C1 /* UICollectionViewTextUITests */ = {
			isa = PBXNativeTarget;
			buildConfigurationList = 043E86F02006F88100D809C1 /* Build configuration list for PBXNativeTarget "UICollectionViewTextUITests" */;
			buildPhases = (
				043E86DD2006F88100D809C1 /* Sources */,
				043E86DE2006F88100D809C1 /* Frameworks */,
				043E86DF2006F88100D809C1 /* Resources */,
			);
			buildRules = (
			);
			dependencies = (
				043E86E32006F88100D809C1 /* PBXTargetDependency */,
			);
			name = UICollectionViewTextUITests;
			productName = UICollectionViewTextUITests;
			productReference = 043E86E12006F88100D809C1 /* UICollectionViewTextUITests.xctest */;
			productType = "com.apple.product-type.bundle.ui-testing";
		};
/* End PBXNativeTarget section */

/* Begin PBXProject section */
		043E86BA2006F88100D809C1 /* Project object */ = {
			isa = PBXProject;
			attributes = {
				LastSwiftUpdateCheck = 0920;
				LastUpgradeCheck = 0920;
				ORGANIZATIONNAME = BerryBit;
				TargetAttributes = {
					043E86C12006F88100D809C1 = {
						CreatedOnToolsVersion = 9.2;
						ProvisioningStyle = Automatic;
					};
					043E86D52006F88100D809C1 = {
						CreatedOnToolsVersion = 9.2;
						ProvisioningStyle = Automatic;
						TestTargetID = 043E86C12006F88100D809C1;
					};
					043E86E02006F88100D809C1 = {
						CreatedOnToolsVersion = 9.2;
						ProvisioningStyle = Automatic;
						TestTargetID = 043E86C12006F88100D809C1;
					};
				};
			};
			buildConfigurationList = 043E86BD2006F88100D809C1 /* Build configuration list for PBXProject "UICollectionViewText" */;
			compatibilityVersion = "Xcode 8.0";
			developmentRegion = en;
			hasScannedForEncodings = 0;
			knownRegions = (
				en,
				Base,
			);
			mainGroup = 043E86B92006F88100D809C1;
			productRefGroup = 043E86C32006F88100D809C1 /* Products */;
			projectDirPath = "";
			projectRoot = "";
			targets = (
				043E86C12006F88100D809C1 /* UICollectionViewText */,
				043E86D52006F88100D809C1 /* UICollectionViewTextTests */,
				043E86E02006F88100D809C1 /* UICollectionViewTextUITests */,
			);
		};
/* End PBXProject section */

/* Begin PBXResourcesBuildPhase section */
		043E86C02006F88100D809C1 /* Resources */ = {
			isa = PBXResourcesBuildPhase;
			buildActionMask = 2147483647;
			files = (
				043E86D02006F88100D809C1 /* LaunchScreen.storyboard in Resources */,
				043E86CD2006F88100D809C1 /* Assets.xcassets in Resources */,
				043E86CB2006F88100D809C1 /* Main.storyboard in Resources */,
			);
			runOnlyForDeploymentPostprocessing = 0;
		};
		043E86D42006F88100D809C1 /* Resources */ = {
			isa = PBXResourcesBuildPhase;
			buildActionMask = 2147483647;
			files = (
			);
			runOnlyForDeploymentPostprocessing = 0;
		};
		043E86DF2006F88100D809C1 /* Resources */ = {
			isa = PBXResourcesBuildPhase;
			buildActionMask = 2147483647;
			files = (
			);
			runOnlyForDeploymentPostprocessing = 0;
		};
/* End PBXResourcesBuildPhase section */

/* Begin PBXSourcesBuildPhase section */
		043E86BE2006F88100D809C1 /* Sources */ = {
			isa = PBXSourcesBuildPhase;
			buildActionMask = 2147483647;
			files = (
				043E86F4200705B800D809C1 /* WaterFallLayout.swift in Sources */,
				043E86C82006F88100D809C1 /* ViewController.swift in Sources */,
				043E86C62006F88100D809C1 /* AppDelegate.swift in Sources */,
			);
			runOnlyForDeploymentPostprocessing = 0;
		};
		043E86D22006F88100D809C1 /* Sources */ = {
			isa = PBXSourcesBuildPhase;
			buildActionMask = 2147483647;
			files = (
				043E86DB2006F88100D809C1 /* UICollectionViewTextTests.swift in Sources */,
			);
			runOnlyForDeploymentPostprocessing = 0;
		};
		043E86DD2006F88100D809C1 /* Sources */ = {
			isa = PBXSourcesBuildPhase;
			buildActionMask = 2147483647;
			files = (
				043E86E62006F88100D809C1 /* UICollectionViewTextUITests.swift in Sources */,
			);
			runOnlyForDeploymentPostprocessing = 0;
		};
/* End PBXSourcesBuildPhase section */

/* Begin PBXTargetDependency section */
		043E86D82006F88100D809C1 /* PBXTargetDependency */ = {
			isa = PBXTargetDependency;
			target = 043E86C12006F88100D809C1 /* UICollectionViewText */;
			targetProxy = 043E86D72006F88100D809C1 /* PBXContainerItemProxy */;
		};
		043E86E32006F88100D809C1 /* PBXTargetDependency */ = {
			isa = PBXTargetDependency;
			target = 043E86C12006F88100D809C1 /* UICollectionViewText */;
			targetProxy = 043E86E22006F88100D809C1 /* PBXContainerItemProxy */;
		};
/* End PBXTargetDependency section */

/* Begin PBXVariantGroup section */
		043E86C92006F88100D809C1 /* Main.storyboard */ = {
			isa = PBXVariantGroup;
			children = (
				043E86CA2006F88100D809C1 /* Base */,
			);
			name = Main.storyboard;
			sourceTree = "<group>";
		};
		043E86CE2006F88100D809C1 /* LaunchScreen.storyboard */ = {
			isa = PBXVariantGroup;
			children = (
				043E86CF2006F88100D809C1 /* Base */,
			);
			name = LaunchScreen.storyboard;
			sourceTree = "<group>";
		};
/* End PBXVariantGroup section */

/* Begin XCBuildConfiguration section */
		043E86E82006F88100D809C1 /* Debug */ = {
			isa = XCBuildConfiguration;
			buildSettings = {
				ALWAYS_SEARCH_USER_PATHS = NO;
				CLANG_ANALYZER_NONNULL = YES;
				CLANG_ANALYZER_NUMBER_OBJECT_CONVERSION = YES_AGGRESSIVE;
				CLANG_CXX_LANGUAGE_STANDARD = "gnu++14";
				CLANG_CXX_LIBRARY = "libc++";
				CLANG_ENABLE_MODULES = YES;
				CLANG_ENABLE_OBJC_ARC = YES;
				CLANG_WARN_BLOCK_CAPTURE_AUTORELEASING = YES;
				CLANG_WARN_BOOL_CONVERSION = YES;
				CLANG_WARN_COMMA = YES;
				CLANG_WARN_CONSTANT_CONVERSION = YES;
				CLANG_WARN_DIRECT_OBJC_ISA_USAGE = YES_ERROR;
				CLANG_WARN_DOCUMENTATION_COMMENTS = YES;
				CLANG_WARN_EMPTY_BODY = YES;
				CLANG_WARN_ENUM_CONVERSION = YES;
				CLANG_WARN_INFINITE_RECURSION = YES;
				CLANG_WARN_INT_CONVERSION = YES;
				CLANG_WARN_NON_LITERAL_NULL_CONVERSION = YES;
				CLANG_WARN_OBJC_LITERAL_CONVERSION = YES;
				CLANG_WARN_OBJC_ROOT_CLASS = YES_ERROR;
				CLANG_WARN_RANGE_LOOP_ANALYSIS = YES;
				CLANG_WARN_STRICT_PROTOTYPES = YES;
				CLANG_WARN_SUSPICIOUS_MOVE = YES;
				CLANG_WARN_UNGUARDED_AVAILABILITY = YES_AGGRESSIVE;
				CLANG_WARN_UNREACHABLE_CODE = YES;
				CLANG_WARN__DUPLICATE_METHOD_MATCH = YES;
				CODE_SIGN_IDENTITY = "iPhone Developer";
				COPY_PHASE_STRIP = NO;
				DEBUG_INFORMATION_FORMAT = dwarf;
				ENABLE_STRICT_OBJC_MSGSEND = YES;
				ENABLE_TESTABILITY = YES;
				GCC_C_LANGUAGE_STANDARD = gnu11;
				GCC_DYNAMIC_NO_PIC = NO;
				GCC_NO_COMMON_BLOCKS = YES;
				GCC_OPTIMIZATION_LEVEL = 0;
				GCC_PREPROCESSOR_DEFINITIONS = (
					"DEBUG=1",
					"$(inherited)",
				);
				GCC_WARN_64_TO_32_BIT_CONVERSION = YES;
				GCC_WARN_ABOUT_RETURN_TYPE = YES_ERROR;
				GCC_WARN_UNDECLARED_SELECTOR = YES;
				GCC_WARN_UNINITIALIZED_AUTOS = YES_AGGRESSIVE;
				GCC_WARN_UNUSED_FUNCTION = YES;
				GCC_WARN_UNUSED_VARIABLE = YES;
				IPHONEOS_DEPLOYMENT_TARGET = 11.2;
				MTL_ENABLE_DEBUG_INFO = YES;
				ONLY_ACTIVE_ARCH = YES;
				SDKROOT = iphoneos;
				SWIFT_ACTIVE_COMPILATION_CONDITIONS = DEBUG;
				SWIFT_OPTIMIZATION_LEVEL = "-Onone";
			};
			name = Debug;
		};
		043E86E92006F88100D809C1 /* Release */ = {
			isa = XCBuildConfiguration;
			buildSettings = {
				ALWAYS_SEARCH_USER_PATHS = NO;
				CLANG_ANALYZER_NONNULL = YES;
				CLANG_ANALYZER_NUMBER_OBJECT_CONVERSION = YES_AGGRESSIVE;
				CLANG_CXX_LANGUAGE_STANDARD = "gnu++14";
				CLANG_CXX_LIBRARY = "libc++";
				CLANG_ENABLE_MODULES = YES;
				CLANG_ENABLE_OBJC_ARC = YES;
				CLANG_WARN_BLOCK_CAPTURE_AUTORELEASING = YES;
				CLANG_WARN_BOOL_CONVERSION = YES;
				CLANG_WARN_COMMA = YES;
				CLANG_WARN_CONSTANT_CONVERSION = YES;
				CLANG_WARN_DIRECT_OBJC_ISA_USAGE = YES_ERROR;
				CLANG_WARN_DOCUMENTATION_COMMENTS = YES;
				CLANG_WARN_EMPTY_BODY = YES;
				CLANG_WARN_ENUM_CONVERSION = YES;
				CLANG_WARN_INFINITE_RECURSION = YES;
				CLANG_WARN_INT_CONVERSION = YES;
				CLANG_WARN_NON_LITERAL_NULL_CONVERSION = YES;
				CLANG_WARN_OBJC_LITERAL_CONVERSION = YES;
				CLANG_WARN_OBJC_ROOT_CLASS = YES_ERROR;
				CLANG_WARN_RANGE_LOOP_ANALYSIS = YES;
				CLANG_WARN_STRICT_PROTOTYPES = YES;
				CLANG_WARN_SUSPICIOUS_MOVE = YES;
				CLANG_WARN_UNGUARDED_AVAILABILITY = YES_AGGRESSIVE;
				CLANG_WARN_UNREACHABLE_CODE = YES;
				CLANG_WARN__DUPLICATE_METHOD_MATCH = YES;
				CODE_SIGN_IDENTITY = "iPhone Developer";
				COPY_PHASE_STRIP = NO;
				DEBUG_INFORMATION_FORMAT = "dwarf-with-dsym";
				ENABLE_NS_ASSERTIONS = NO;
				ENABLE_STRICT_OBJC_MSGSEND = YES;
				GCC_C_LANGUAGE_STANDARD = gnu11;
				GCC_NO_COMMON_BLOCKS = YES;
				GCC_WARN_64_TO_32_BIT_CONVERSION = YES;
				GCC_WARN_ABOUT_RETURN_TYPE = YES_ERROR;
				GCC_WARN_UNDECLARED_SELECTOR = YES;
				GCC_WARN_UNINITIALIZED_AUTOS = YES_AGGRESSIVE;
				GCC_WARN_UNUSED_FUNCTION = YES;
				GCC_WARN_UNUSED_VARIABLE = YES;
				IPHONEOS_DEPLOYMENT_TARGET = 11.2;
				MTL_ENABLE_DEBUG_INFO = NO;
				SDKROOT = iphoneos;
				SWIFT_OPTIMIZATION_LEVEL = "-Owholemodule";
				VALIDATE_PRODUCT = YES;
			};
			name = Release;
		};
		043E86EB2006F88100D809C1 /* Debug */ = {
			isa = XCBuildConfiguration;
			buildSettings = {
				ASSETCATALOG_COMPILER_APPICON_NAME = AppIcon;
				CODE_SIGN_STYLE = Automatic;
				DEVELOPMENT_TEAM = 2R2UQA5T58;
				INFOPLIST_FILE = UICollectionViewText/Info.plist;
				IPHONEOS_DEPLOYMENT_TARGET = 10.0;
				LD_RUNPATH_SEARCH_PATHS = "$(inherited) @executable_path/Frameworks";
				PRODUCT_BUNDLE_IDENTIFIER = BerryBit.UICollectionViewText;
				PRODUCT_NAME = "$(TARGET_NAME)";
				SWIFT_VERSION = 4.0;
				TARGETED_DEVICE_FAMILY = "1,2";
			};
			name = Debug;
		};
		043E86EC2006F88100D809C1 /* Release */ = {
			isa = XCBuildConfiguration;
			buildSettings = {
				ASSETCATALOG_COMPILER_APPICON_NAME = AppIcon;
				CODE_SIGN_STYLE = Automatic;
				DEVELOPMENT_TEAM = 2R2UQA5T58;
				INFOPLIST_FILE = UICollectionViewText/Info.plist;
				IPHONEOS_DEPLOYMENT_TARGET = 10.0;
				LD_RUNPATH_SEARCH_PATHS = "$(inherited) @executable_path/Frameworks";
				PRODUCT_BUNDLE_IDENTIFIER = BerryBit.UICollectionViewText;
				PRODUCT_NAME = "$(TARGET_NAME)";
				SWIFT_VERSION = 4.0;
				TARGETED_DEVICE_FAMILY = "1,2";
			};
			name = Release;
		};
		043E86EE2006F88100D809C1 /* Debug */ = {
			isa = XCBuildConfiguration;
			buildSettings = {
				ALWAYS_EMBED_SWIFT_STANDARD_LIBRARIES = YES;
				BUNDLE_LOADER = "$(TEST_HOST)";
				CODE_SIGN_STYLE = Automatic;
				DEVELOPMENT_TEAM = WJJ9LWS977;
				INFOPLIST_FILE = UICollectionViewTextTests/Info.plist;
				LD_RUNPATH_SEARCH_PATHS = "$(inherited) @executable_path/Frameworks @loader_path/Frameworks";
				PRODUCT_BUNDLE_IDENTIFIER = BerryBit.UICollectionViewTextTests;
				PRODUCT_NAME = "$(TARGET_NAME)";
				SWIFT_VERSION = 4.0;
				TARGETED_DEVICE_FAMILY = "1,2";
				TEST_HOST = "$(BUILT_PRODUCTS_DIR)/UICollectionViewText.app/UICollectionViewText";
			};
			name = Debug;
		};
		043E86EF2006F88100D809C1 /* Release */ = {
			isa = XCBuildConfiguration;
			buildSettings = {
				ALWAYS_EMBED_SWIFT_STANDARD_LIBRARIES = YES;
				BUNDLE_LOADER = "$(TEST_HOST)";
				CODE_SIGN_STYLE = Automatic;
				DEVELOPMENT_TEAM = WJJ9LWS977;
				INFOPLIST_FILE = UICollectionViewTextTests/Info.plist;
				LD_RUNPATH_SEARCH_PATHS = "$(inherited) @executable_path/Frameworks @loader_path/Frameworks";
				PRODUCT_BUNDLE_IDENTIFIER = BerryBit.UICollectionViewTextTests;
				PRODUCT_NAME = "$(TARGET_NAME)";
				SWIFT_VERSION = 4.0;
				TARGETED_DEVICE_FAMILY = "1,2";
				TEST_HOST = "$(BUILT_PRODUCTS_DIR)/UICollectionViewText.app/UICollectionViewText";
			};
			name = Release;
		};
		043E86F12006F88100D809C1 /* Debug */ = {
			isa = XCBuildConfiguration;
			buildSettings = {
				ALWAYS_EMBED_SWIFT_STANDARD_LIBRARIES = YES;
				CODE_SIGN_STYLE = Automatic;
				DEVELOPMENT_TEAM = WJJ9LWS977;
				INFOPLIST_FILE = UICollectionViewTextUITests/Info.plist;
				LD_RUNPATH_SEARCH_PATHS = "$(inherited) @executable_path/Frameworks @loader_path/Frameworks";
				PRODUCT_BUNDLE_IDENTIFIER = BerryBit.UICollectionViewTextUITests;
				PRODUCT_NAME = "$(TARGET_NAME)";
				SWIFT_VERSION = 4.0;
				TARGETED_DEVICE_FAMILY = "1,2";
				TEST_TARGET_NAME = UICollectionViewText;
			};
			name = Debug;
		};
		043E86F22006F88100D809C1 /* Release */ = {
			isa = XCBuildConfiguration;
			buildSettings = {
				ALWAYS_EMBED_SWIFT_STANDARD_LIBRARIES = YES;
				CODE_SIGN_STYLE = Automatic;
				DEVELOPMENT_TEAM = WJJ9LWS977;
				INFOPLIST_FILE = UICollectionViewTextUITests/Info.plist;
				LD_RUNPATH_SEARCH_PATHS = "$(inherited) @executable_path/Frameworks @loader_path/Frameworks";
				PRODUCT_BUNDLE_IDENTIFIER = BerryBit.UICollectionViewTextUITests;
				PRODUCT_NAME = "$(TARGET_NAME)";
				SWIFT_VERSION = 4.0;
				TARGETED_DEVICE_FAMILY = "1,2";
				TEST_TARGET_NAME = UICollectionViewText;
			};
			name = Release;
		};
/* End XCBuildConfiguration section */

/* Begin XCConfigurationList section */
		043E86BD2006F88100D809C1 /* Build configuration list for PBXProject "UICollectionViewText" */ = {
			isa = XCConfigurationList;
			buildConfigurations = (
				043E86E82006F88100D809C1 /* Debug */,
				043E86E92006F88100D809C1 /* Release */,
			);
			defaultConfigurationIsVisible = 0;
			defaultConfigurationName = Release;
		};
		043E86EA2006F88100D809C1 /* Build configuration list for PBXNativeTarget "UICollectionViewText" */ = {
			isa = XCConfigurationList;
			buildConfigurations = (
				043E86EB2006F88100D809C1 /* Debug */,
				043E86EC2006F88100D809C1 /* Release */,
			);
			defaultConfigurationIsVisible = 0;
			defaultConfigurationName = Release;
		};
		043E86ED2006F88100D809C1 /* Build configuration list for PBXNativeTarget "UICollectionViewTextTests" */ = {
			isa = XCConfigurationList;
			buildConfigurations = (
				043E86EE2006F88100D809C1 /* Debug */,
				043E86EF2006F88100D809C1 /* Release */,
			);
			defaultConfigurationIsVisible = 0;
			defaultConfigurationName = Release;
		};
		043E86F02006F88100D809C1 /* Build configuration list for PBXNativeTarget "UICollectionViewTextUITests" */ = {
			isa = XCConfigurationList;
			buildConfigurations = (
				043E86F12006F88100D809C1 /* Debug */,
				043E86F22006F88100D809C1 /* Release */,
			);
			defaultConfigurationIsVisible = 0;
			defaultConfigurationName = Release;
		};
/* End XCConfigurationList section */
	};
	rootObject = 043E86BA2006F88100D809C1 /* Project object */;
}
